// !$*UTF8*$!
{
	archiveVersion = 1;
	classes = {
	};
	objectVersion = 46;
	objects = {

/* Begin PBXBuildFile section */
		181B68221AD7EC3A0002E5DC /* Robot.cpp in Sources */ = {isa = PBXBuildFile; fileRef = 181B68211AD7EC3A0002E5DC /* Robot.cpp */; };
		181B68231AD7EC3A0002E5DC /* Robot.cpp in Sources */ = {isa = PBXBuildFile; fileRef = 181B68211AD7EC3A0002E5DC /* Robot.cpp */; };
		181B68261AD7F1FA0002E5DC /* BulletSprite.cpp in Sources */ = {isa = PBXBuildFile; fileRef = 181B68251AD7F1FA0002E5DC /* BulletSprite.cpp */; };
		181B68271AD7F1FA0002E5DC /* BulletSprite.cpp in Sources */ = {isa = PBXBuildFile; fileRef = 181B68251AD7F1FA0002E5DC /* BulletSprite.cpp */; };
		182FFB531AC56F7000FAA8AD /* UI in Resources */ = {isa = PBXBuildFile; fileRef = 182FFB521AC56F7000FAA8AD /* UI */; };
		182FFB541AC56F7000FAA8AD /* UI in Resources */ = {isa = PBXBuildFile; fileRef = 182FFB521AC56F7000FAA8AD /* UI */; };
		182FFB6C1AC5806C00FAA8AD /* CSV in Resources */ = {isa = PBXBuildFile; fileRef = 182FFB6B1AC5806C00FAA8AD /* CSV */; };
		182FFB6D1AC5806C00FAA8AD /* CSV in Resources */ = {isa = PBXBuildFile; fileRef = 182FFB6B1AC5806C00FAA8AD /* CSV */; };
		1832BD401AD04FD7004C7003 /* CSVParser.cpp in Sources */ = {isa = PBXBuildFile; fileRef = 1832BD101AD04FD7004C7003 /* CSVParser.cpp */; };
		1832BD411AD04FD7004C7003 /* CSVParser.cpp in Sources */ = {isa = PBXBuildFile; fileRef = 1832BD101AD04FD7004C7003 /* CSVParser.cpp */; };
		1832BD421AD04FD7004C7003 /* sqlite3.c in Sources */ = {isa = PBXBuildFile; fileRef = 1832BD131AD04FD7004C7003 /* sqlite3.c */; };
		1832BD431AD04FD7004C7003 /* sqlite3.c in Sources */ = {isa = PBXBuildFile; fileRef = 1832BD131AD04FD7004C7003 /* sqlite3.c */; };
		1832BD441AD04FD7004C7003 /* BuildingSprite.cpp in Sources */ = {isa = PBXBuildFile; fileRef = 1832BD171AD04FD7004C7003 /* BuildingSprite.cpp */; };
		1832BD451AD04FD7004C7003 /* BuildingSprite.cpp in Sources */ = {isa = PBXBuildFile; fileRef = 1832BD171AD04FD7004C7003 /* BuildingSprite.cpp */; };
		1832BD461AD04FD7004C7003 /* MiwuSprite.cpp in Sources */ = {isa = PBXBuildFile; fileRef = 1832BD191AD04FD7004C7003 /* MiwuSprite.cpp */; };
		1832BD471AD04FD7004C7003 /* MiwuSprite.cpp in Sources */ = {isa = PBXBuildFile; fileRef = 1832BD191AD04FD7004C7003 /* MiwuSprite.cpp */; };
		1832BD481AD04FD7004C7003 /* TownSprite.cpp in Sources */ = {isa = PBXBuildFile; fileRef = 1832BD1B1AD04FD7004C7003 /* TownSprite.cpp */; };
		1832BD491AD04FD7004C7003 /* TownSprite.cpp in Sources */ = {isa = PBXBuildFile; fileRef = 1832BD1B1AD04FD7004C7003 /* TownSprite.cpp */; };
		1832BD4A1AD04FD7004C7003 /* TownDialog.cpp in Sources */ = {isa = PBXBuildFile; fileRef = 1832BD201AD04FD7004C7003 /* TownDialog.cpp */; };
		1832BD4B1AD04FD7004C7003 /* TownDialog.cpp in Sources */ = {isa = PBXBuildFile; fileRef = 1832BD201AD04FD7004C7003 /* TownDialog.cpp */; };
		1832BD4C1AD04FD7004C7003 /* HelloScene.cpp in Sources */ = {isa = PBXBuildFile; fileRef = 1832BD231AD04FD7004C7003 /* HelloScene.cpp */; };
		1832BD4D1AD04FD7004C7003 /* HelloScene.cpp in Sources */ = {isa = PBXBuildFile; fileRef = 1832BD231AD04FD7004C7003 /* HelloScene.cpp */; };
		1832BD4E1AD04FD7004C7003 /* HomeHudLayer.cpp in Sources */ = {isa = PBXBuildFile; fileRef = 1832BD261AD04FD7004C7003 /* HomeHudLayer.cpp */; };
		1832BD4F1AD04FD7004C7003 /* HomeHudLayer.cpp in Sources */ = {isa = PBXBuildFile; fileRef = 1832BD261AD04FD7004C7003 /* HomeHudLayer.cpp */; };
		1832BD501AD04FD7004C7003 /* HomeMapLayer.cpp in Sources */ = {isa = PBXBuildFile; fileRef = 1832BD281AD04FD7004C7003 /* HomeMapLayer.cpp */; };
		1832BD511AD04FD7004C7003 /* HomeMapLayer.cpp in Sources */ = {isa = PBXBuildFile; fileRef = 1832BD281AD04FD7004C7003 /* HomeMapLayer.cpp */; };
		1832BD521AD04FD7004C7003 /* HomeScene.cpp in Sources */ = {isa = PBXBuildFile; fileRef = 1832BD2A1AD04FD7004C7003 /* HomeScene.cpp */; };
		1832BD531AD04FD7004C7003 /* HomeScene.cpp in Sources */ = {isa = PBXBuildFile; fileRef = 1832BD2A1AD04FD7004C7003 /* HomeScene.cpp */; };
		1832BD541AD04FD7004C7003 /* PanZoomLayer.cpp in Sources */ = {isa = PBXBuildFile; fileRef = 1832BD2C1AD04FD7004C7003 /* PanZoomLayer.cpp */; };
		1832BD551AD04FD7004C7003 /* PanZoomLayer.cpp in Sources */ = {isa = PBXBuildFile; fileRef = 1832BD2C1AD04FD7004C7003 /* PanZoomLayer.cpp */; };
		1832BD561AD04FD7004C7003 /* WorldHudLayer.cpp in Sources */ = {isa = PBXBuildFile; fileRef = 1832BD2F1AD04FD7004C7003 /* WorldHudLayer.cpp */; };
		1832BD571AD04FD7004C7003 /* WorldHudLayer.cpp in Sources */ = {isa = PBXBuildFile; fileRef = 1832BD2F1AD04FD7004C7003 /* WorldHudLayer.cpp */; };
		1832BD581AD04FD7004C7003 /* WorldMapLayer.cpp in Sources */ = {isa = PBXBuildFile; fileRef = 1832BD311AD04FD7004C7003 /* WorldMapLayer.cpp */; };
		1832BD591AD04FD7004C7003 /* WorldMapLayer.cpp in Sources */ = {isa = PBXBuildFile; fileRef = 1832BD311AD04FD7004C7003 /* WorldMapLayer.cpp */; };
		1832BD5A1AD04FD7004C7003 /* WorldScene.cpp in Sources */ = {isa = PBXBuildFile; fileRef = 1832BD331AD04FD7004C7003 /* WorldScene.cpp */; };
		1832BD5B1AD04FD7004C7003 /* WorldScene.cpp in Sources */ = {isa = PBXBuildFile; fileRef = 1832BD331AD04FD7004C7003 /* WorldScene.cpp */; };
		1832BD5C1AD04FD7004C7003 /* DataManager.cpp in Sources */ = {isa = PBXBuildFile; fileRef = 1832BD371AD04FD7004C7003 /* DataManager.cpp */; };
		1832BD5D1AD04FD7004C7003 /* DataManager.cpp in Sources */ = {isa = PBXBuildFile; fileRef = 1832BD371AD04FD7004C7003 /* DataManager.cpp */; };
		1832BD5E1AD04FD7004C7003 /* DBManager.cpp in Sources */ = {isa = PBXBuildFile; fileRef = 1832BD391AD04FD7004C7003 /* DBManager.cpp */; };
		1832BD5F1AD04FD7004C7003 /* DBManager.cpp in Sources */ = {isa = PBXBuildFile; fileRef = 1832BD391AD04FD7004C7003 /* DBManager.cpp */; };
		1832BD601AD04FD7004C7003 /* GlobalManager.cpp in Sources */ = {isa = PBXBuildFile; fileRef = 1832BD3B1AD04FD7004C7003 /* GlobalManager.cpp */; };
		1832BD611AD04FD7004C7003 /* GlobalManager.cpp in Sources */ = {isa = PBXBuildFile; fileRef = 1832BD3B1AD04FD7004C7003 /* GlobalManager.cpp */; };
		1832BD621AD04FD7004C7003 /* AppDelegate.cpp in Sources */ = {isa = PBXBuildFile; fileRef = 1832BD3F1AD04FD7004C7003 /* AppDelegate.cpp */; };
		1832BD631AD04FD7004C7003 /* AppDelegate.cpp in Sources */ = {isa = PBXBuildFile; fileRef = 1832BD3F1AD04FD7004C7003 /* AppDelegate.cpp */; };
		1845FA011AD17EC20055F478 /* HarvestBubble.cpp in Sources */ = {isa = PBXBuildFile; fileRef = 1845FA001AD17EC20055F478 /* HarvestBubble.cpp */; };
		1845FA021AD17EC20055F478 /* HarvestBubble.cpp in Sources */ = {isa = PBXBuildFile; fileRef = 1845FA001AD17EC20055F478 /* HarvestBubble.cpp */; };
		1852E1D11AD6459A00A0C5FF /* BuildingInfoDialog.cpp in Sources */ = {isa = PBXBuildFile; fileRef = 1852E1D01AD6459A00A0C5FF /* BuildingInfoDialog.cpp */; };
		1852E1D21AD6459A00A0C5FF /* BuildingInfoDialog.cpp in Sources */ = {isa = PBXBuildFile; fileRef = 1852E1D01AD6459A00A0C5FF /* BuildingInfoDialog.cpp */; };
		1852E1D51AD66E3000A0C5FF /* BuildingUpgradeDialog.cpp in Sources */ = {isa = PBXBuildFile; fileRef = 1852E1D41AD66E3000A0C5FF /* BuildingUpgradeDialog.cpp */; };
		1852E1D61AD66E3000A0C5FF /* BuildingUpgradeDialog.cpp in Sources */ = {isa = PBXBuildFile; fileRef = 1852E1D41AD66E3000A0C5FF /* BuildingUpgradeDialog.cpp */; };
		1852E1D91AD6933800A0C5FF /* Notice.cpp in Sources */ = {isa = PBXBuildFile; fileRef = 1852E1D81AD6933800A0C5FF /* Notice.cpp */; };
		1852E1DA1AD6933800A0C5FF /* Notice.cpp in Sources */ = {isa = PBXBuildFile; fileRef = 1852E1D81AD6933800A0C5FF /* Notice.cpp */; };
		1852E1DD1AD6A40E00A0C5FF /* BuildProcess.cpp in Sources */ = {isa = PBXBuildFile; fileRef = 1852E1DB1AD6A40E00A0C5FF /* BuildProcess.cpp */; };
		1852E1DE1AD6A40E00A0C5FF /* BuildProcess.cpp in Sources */ = {isa = PBXBuildFile; fileRef = 1852E1DB1AD6A40E00A0C5FF /* BuildProcess.cpp */; };
		1852E1E11AD7005800A0C5FF /* NewBuildDialog.cpp in Sources */ = {isa = PBXBuildFile; fileRef = 1852E1E01AD7005800A0C5FF /* NewBuildDialog.cpp */; };
		1852E1E21AD7005800A0C5FF /* NewBuildDialog.cpp in Sources */ = {isa = PBXBuildFile; fileRef = 1852E1E01AD7005800A0C5FF /* NewBuildDialog.cpp */; };
		185BB7991AD83304008B03F2 /* SoilderInfoDialog.cpp in Sources */ = {isa = PBXBuildFile; fileRef = 185BB7981AD83304008B03F2 /* SoilderInfoDialog.cpp */; };
		185BB79A1AD83304008B03F2 /* SoilderInfoDialog.cpp in Sources */ = {isa = PBXBuildFile; fileRef = 185BB7981AD83304008B03F2 /* SoilderInfoDialog.cpp */; };
		185BB79D1AD848D9008B03F2 /* CampDialog.cpp in Sources */ = {isa = PBXBuildFile; fileRef = 185BB79C1AD848D9008B03F2 /* CampDialog.cpp */; };
		185BB79E1AD848D9008B03F2 /* CampDialog.cpp in Sources */ = {isa = PBXBuildFile; fileRef = 185BB79C1AD848D9008B03F2 /* CampDialog.cpp */; };
		187DED551AD80CC60019751D /* animation in Resources */ = {isa = PBXBuildFile; fileRef = 187DED541AD80CC60019751D /* animation */; };
		187DED561AD80CC60019751D /* animation in Resources */ = {isa = PBXBuildFile; fileRef = 187DED541AD80CC60019751D /* animation */; };
		188734341AD7B7950086CC88 /* NewBuilding.cpp in Sources */ = {isa = PBXBuildFile; fileRef = 188734331AD7B7950086CC88 /* NewBuilding.cpp */; };
		188734351AD7B7950086CC88 /* NewBuilding.cpp in Sources */ = {isa = PBXBuildFile; fileRef = 188734331AD7B7950086CC88 /* NewBuilding.cpp */; };
		189243DF1ADA69B1006ECD1B /* BattleHudLayer.cpp in Sources */ = {isa = PBXBuildFile; fileRef = 189243D91ADA69B1006ECD1B /* BattleHudLayer.cpp */; };
		189243E01ADA69B1006ECD1B /* BattleHudLayer.cpp in Sources */ = {isa = PBXBuildFile; fileRef = 189243D91ADA69B1006ECD1B /* BattleHudLayer.cpp */; };
		189243E11ADA69B1006ECD1B /* BattleMapLayer.cpp in Sources */ = {isa = PBXBuildFile; fileRef = 189243DB1ADA69B1006ECD1B /* BattleMapLayer.cpp */; };
		189243E21ADA69B1006ECD1B /* BattleMapLayer.cpp in Sources */ = {isa = PBXBuildFile; fileRef = 189243DB1ADA69B1006ECD1B /* BattleMapLayer.cpp */; };
		189243E31ADA69B1006ECD1B /* BattleScene.cpp in Sources */ = {isa = PBXBuildFile; fileRef = 189243DD1ADA69B1006ECD1B /* BattleScene.cpp */; };
		189243E41ADA69B1006ECD1B /* BattleScene.cpp in Sources */ = {isa = PBXBuildFile; fileRef = 189243DD1ADA69B1006ECD1B /* BattleScene.cpp */; };
		189243E71ADA8AB8006ECD1B /* Building.cpp in Sources */ = {isa = PBXBuildFile; fileRef = 189243E61ADA8AB8006ECD1B /* Building.cpp */; };
		189243E81ADA8AB8006ECD1B /* Building.cpp in Sources */ = {isa = PBXBuildFile; fileRef = 189243E61ADA8AB8006ECD1B /* Building.cpp */; };
		189243EB1ADA94BE006ECD1B /* Soilder.cpp in Sources */ = {isa = PBXBuildFile; fileRef = 189243EA1ADA94BE006ECD1B /* Soilder.cpp */; };
		189243EC1ADA94BE006ECD1B /* Soilder.cpp in Sources */ = {isa = PBXBuildFile; fileRef = 189243EA1ADA94BE006ECD1B /* Soilder.cpp */; };
		189243EF1ADAA0B0006ECD1B /* AIManager.cpp in Sources */ = {isa = PBXBuildFile; fileRef = 189243EE1ADAA0B0006ECD1B /* AIManager.cpp */; };
		189243F01ADAA0B0006ECD1B /* AIManager.cpp in Sources */ = {isa = PBXBuildFile; fileRef = 189243EE1ADAA0B0006ECD1B /* AIManager.cpp */; };
		189243F31ADAA5D3006ECD1B /* BaseSprite.cpp in Sources */ = {isa = PBXBuildFile; fileRef = 189243F21ADAA5D3006ECD1B /* BaseSprite.cpp */; };
		189243F41ADAA5D3006ECD1B /* BaseSprite.cpp in Sources */ = {isa = PBXBuildFile; fileRef = 189243F21ADAA5D3006ECD1B /* BaseSprite.cpp */; };
		189243FF1ADAFFCD006ECD1B /* Hero.cpp in Sources */ = {isa = PBXBuildFile; fileRef = 189243FE1ADAFFCD006ECD1B /* Hero.cpp */; };
		189244001ADAFFCD006ECD1B /* Hero.cpp in Sources */ = {isa = PBXBuildFile; fileRef = 189243FE1ADAFFCD006ECD1B /* Hero.cpp */; };
		189244031ADBFDA2006ECD1B /* GameOverDialog.cpp in Sources */ = {isa = PBXBuildFile; fileRef = 189244021ADBFDA2006ECD1B /* GameOverDialog.cpp */; };
		189244041ADBFDA2006ECD1B /* GameOverDialog.cpp in Sources */ = {isa = PBXBuildFile; fileRef = 189244021ADBFDA2006ECD1B /* GameOverDialog.cpp */; };
		189244061ADC05DD006ECD1B /* music in Resources */ = {isa = PBXBuildFile; fileRef = 189244051ADC05DD006ECD1B /* music */; };
		189244071ADC05DD006ECD1B /* music in Resources */ = {isa = PBXBuildFile; fileRef = 189244051ADC05DD006ECD1B /* music */; };
		18BD93001AD9176200F48B53 /* LabDialog.cpp in Sources */ = {isa = PBXBuildFile; fileRef = 18BD92FF1AD9176200F48B53 /* LabDialog.cpp */; };
		18BD93011AD9176200F48B53 /* LabDialog.cpp in Sources */ = {isa = PBXBuildFile; fileRef = 18BD92FF1AD9176200F48B53 /* LabDialog.cpp */; };
		18BD93041AD9565300F48B53 /* HeroHotelDialog.cpp in Sources */ = {isa = PBXBuildFile; fileRef = 18BD93031AD9565300F48B53 /* HeroHotelDialog.cpp */; };
		18BD93051AD9565300F48B53 /* HeroHotelDialog.cpp in Sources */ = {isa = PBXBuildFile; fileRef = 18BD93031AD9565300F48B53 /* HeroHotelDialog.cpp */; };
		18BD93081AD9567700F48B53 /* HeroInfoDialog.cpp in Sources */ = {isa = PBXBuildFile; fileRef = 18BD93071AD9567700F48B53 /* HeroInfoDialog.cpp */; };
		18BD93091AD9567700F48B53 /* HeroInfoDialog.cpp in Sources */ = {isa = PBXBuildFile; fileRef = 18BD93071AD9567700F48B53 /* HeroInfoDialog.cpp */; };
		18C7FCCA1AC1782B008C4B12 /* fonts in Resources */ = {isa = PBXBuildFile; fileRef = 18C7FCC81AC1782B008C4B12 /* fonts */; };
		18C7FCCB1AC1782B008C4B12 /* fonts in Resources */ = {isa = PBXBuildFile; fileRef = 18C7FCC81AC1782B008C4B12 /* fonts */; };
		18C7FCCC1AC1782B008C4B12 /* images in Resources */ = {isa = PBXBuildFile; fileRef = 18C7FCC91AC1782B008C4B12 /* images */; };
		18C7FCCD1AC1782B008C4B12 /* images in Resources */ = {isa = PBXBuildFile; fileRef = 18C7FCC91AC1782B008C4B12 /* images */; };
		18E053781AD51E52009083DD /* HomeOptLayer.cpp in Sources */ = {isa = PBXBuildFile; fileRef = 18E053771AD51E52009083DD /* HomeOptLayer.cpp */; };
		18E053791AD51E52009083DD /* HomeOptLayer.cpp in Sources */ = {isa = PBXBuildFile; fileRef = 18E053771AD51E52009083DD /* HomeOptLayer.cpp */; };
		1AC6FB21180E996B004C840B /* libcocos2d Mac.a in Frameworks */ = {isa = PBXBuildFile; fileRef = 1AC6FAF9180E9839004C840B /* libcocos2d Mac.a */; };
		1AC6FB30180E99EB004C840B /* libcocos2d iOS.a in Frameworks */ = {isa = PBXBuildFile; fileRef = 1AC6FB07180E9839004C840B /* libcocos2d iOS.a */; };
		1D60589F0D05DD5A006BFB54 /* Foundation.framework in Frameworks */ = {isa = PBXBuildFile; fileRef = 1D30AB110D05D00D00671497 /* Foundation.framework */; };
		1DF5F4E00D08C38300B7A737 /* UIKit.framework in Frameworks */ = {isa = PBXBuildFile; fileRef = 1DF5F4DF0D08C38300B7A737 /* UIKit.framework */; };
		288765A50DF7441C002DB57D /* CoreGraphics.framework in Frameworks */ = {isa = PBXBuildFile; fileRef = 288765A40DF7441C002DB57D /* CoreGraphics.framework */; };
		503AE0F817EB97AB00D1A890 /* Icon.icns in Resources */ = {isa = PBXBuildFile; fileRef = 503AE0F617EB97AB00D1A890 /* Icon.icns */; };
		503AE10017EB989F00D1A890 /* AppController.mm in Sources */ = {isa = PBXBuildFile; fileRef = 503AE0FB17EB989F00D1A890 /* AppController.mm */; };
		503AE10117EB989F00D1A890 /* main.m in Sources */ = {isa = PBXBuildFile; fileRef = 503AE0FC17EB989F00D1A890 /* main.m */; };
		503AE10217EB989F00D1A890 /* RootViewController.mm in Sources */ = {isa = PBXBuildFile; fileRef = 503AE0FF17EB989F00D1A890 /* RootViewController.mm */; };
		503AE10517EB98FF00D1A890 /* main.cpp in Sources */ = {isa = PBXBuildFile; fileRef = 503AE10317EB98FF00D1A890 /* main.cpp */; };
		503AE11B17EB9C5A00D1A890 /* IOKit.framework in Frameworks */ = {isa = PBXBuildFile; fileRef = 503AE11A17EB9C5A00D1A890 /* IOKit.framework */; };
		5087E76317EB910900C73F5D /* Foundation.framework in Frameworks */ = {isa = PBXBuildFile; fileRef = 1D30AB110D05D00D00671497 /* Foundation.framework */; };
		5087E76717EB910900C73F5D /* libz.dylib in Frameworks */ = {isa = PBXBuildFile; fileRef = BF170DB412928DE900B8313A /* libz.dylib */; };
		5087E76817EB910900C73F5D /* QuartzCore.framework in Frameworks */ = {isa = PBXBuildFile; fileRef = BF1C47EA1293683800B63C5D /* QuartzCore.framework */; };
		5087E76917EB910900C73F5D /* OpenAL.framework in Frameworks */ = {isa = PBXBuildFile; fileRef = D44C620B132DFF330009C878 /* OpenAL.framework */; };
		5087E76A17EB910900C73F5D /* AVFoundation.framework in Frameworks */ = {isa = PBXBuildFile; fileRef = D44C620D132DFF430009C878 /* AVFoundation.framework */; };
		5087E76B17EB910900C73F5D /* AudioToolbox.framework in Frameworks */ = {isa = PBXBuildFile; fileRef = D44C620F132DFF4E0009C878 /* AudioToolbox.framework */; };
		5087E77D17EB970100C73F5D /* Default-568h@2x.png in Resources */ = {isa = PBXBuildFile; fileRef = 5087E77217EB970100C73F5D /* Default-568h@2x.png */; };
		5087E77E17EB970100C73F5D /* Default.png in Resources */ = {isa = PBXBuildFile; fileRef = 5087E77317EB970100C73F5D /* Default.png */; };
		5087E77F17EB970100C73F5D /* Default@2x.png in Resources */ = {isa = PBXBuildFile; fileRef = 5087E77417EB970100C73F5D /* Default@2x.png */; };
		5087E78017EB970100C73F5D /* Icon-114.png in Resources */ = {isa = PBXBuildFile; fileRef = 5087E77517EB970100C73F5D /* Icon-114.png */; };
		5087E78117EB970100C73F5D /* Icon-120.png in Resources */ = {isa = PBXBuildFile; fileRef = 5087E77617EB970100C73F5D /* Icon-120.png */; };
		5087E78217EB970100C73F5D /* Icon-144.png in Resources */ = {isa = PBXBuildFile; fileRef = 5087E77717EB970100C73F5D /* Icon-144.png */; };
		5087E78317EB970100C73F5D /* Icon-152.png in Resources */ = {isa = PBXBuildFile; fileRef = 5087E77817EB970100C73F5D /* Icon-152.png */; };
		5087E78417EB970100C73F5D /* Icon-57.png in Resources */ = {isa = PBXBuildFile; fileRef = 5087E77917EB970100C73F5D /* Icon-57.png */; };
		5087E78517EB970100C73F5D /* Icon-72.png in Resources */ = {isa = PBXBuildFile; fileRef = 5087E77A17EB970100C73F5D /* Icon-72.png */; };
		5087E78617EB970100C73F5D /* Icon-76.png in Resources */ = {isa = PBXBuildFile; fileRef = 5087E77B17EB970100C73F5D /* Icon-76.png */; };
		5087E78917EB974C00C73F5D /* AppKit.framework in Frameworks */ = {isa = PBXBuildFile; fileRef = 5087E78817EB974C00C73F5D /* AppKit.framework */; };
		5087E78B17EB975400C73F5D /* OpenGL.framework in Frameworks */ = {isa = PBXBuildFile; fileRef = 5087E78A17EB975400C73F5D /* OpenGL.framework */; };
		50EF629617ECD46A001EB2F8 /* Icon-40.png in Resources */ = {isa = PBXBuildFile; fileRef = 50EF629217ECD46A001EB2F8 /* Icon-40.png */; };
		50EF629717ECD46A001EB2F8 /* Icon-58.png in Resources */ = {isa = PBXBuildFile; fileRef = 50EF629317ECD46A001EB2F8 /* Icon-58.png */; };
		50EF629817ECD46A001EB2F8 /* Icon-80.png in Resources */ = {isa = PBXBuildFile; fileRef = 50EF629417ECD46A001EB2F8 /* Icon-80.png */; };
		50EF629917ECD46A001EB2F8 /* Icon-100.png in Resources */ = {isa = PBXBuildFile; fileRef = 50EF629517ECD46A001EB2F8 /* Icon-100.png */; };
		50EF62A217ECD613001EB2F8 /* Icon-29.png in Resources */ = {isa = PBXBuildFile; fileRef = 50EF62A017ECD613001EB2F8 /* Icon-29.png */; };
		50EF62A317ECD613001EB2F8 /* Icon-50.png in Resources */ = {isa = PBXBuildFile; fileRef = 50EF62A117ECD613001EB2F8 /* Icon-50.png */; };
		521A8E6419F0C34300D177D7 /* Default-667h@2x.png in Resources */ = {isa = PBXBuildFile; fileRef = 521A8E6219F0C34300D177D7 /* Default-667h@2x.png */; };
		521A8E6519F0C34300D177D7 /* Default-736h@3x.png in Resources */ = {isa = PBXBuildFile; fileRef = 521A8E6319F0C34300D177D7 /* Default-736h@3x.png */; };
		52B47A471A53D09C004E4C60 /* Security.framework in Frameworks */ = {isa = PBXBuildFile; fileRef = 52B47A461A53D09B004E4C60 /* Security.framework */; };
		BF171245129291EC00B8313A /* OpenGLES.framework in Frameworks */ = {isa = PBXBuildFile; fileRef = BF170DB012928DE900B8313A /* OpenGLES.framework */; };
		BF1712471292920000B8313A /* libz.dylib in Frameworks */ = {isa = PBXBuildFile; fileRef = BF170DB412928DE900B8313A /* libz.dylib */; };
		BF1C47F01293687400B63C5D /* QuartzCore.framework in Frameworks */ = {isa = PBXBuildFile; fileRef = BF1C47EA1293683800B63C5D /* QuartzCore.framework */; };
		D44C620C132DFF330009C878 /* OpenAL.framework in Frameworks */ = {isa = PBXBuildFile; fileRef = D44C620B132DFF330009C878 /* OpenAL.framework */; };
		D44C620E132DFF430009C878 /* AVFoundation.framework in Frameworks */ = {isa = PBXBuildFile; fileRef = D44C620D132DFF430009C878 /* AVFoundation.framework */; };
		D44C6210132DFF4E0009C878 /* AudioToolbox.framework in Frameworks */ = {isa = PBXBuildFile; fileRef = D44C620F132DFF4E0009C878 /* AudioToolbox.framework */; };
		D6B0611B1803AB670077942B /* CoreMotion.framework in Frameworks */ = {isa = PBXBuildFile; fileRef = D6B0611A1803AB670077942B /* CoreMotion.framework */; };
/* End PBXBuildFile section */

/* Begin PBXContainerItemProxy section */
		1AC6FAF8180E9839004C840B /* PBXContainerItemProxy */ = {
			isa = PBXContainerItemProxy;
			containerPortal = 1AC6FAE5180E9839004C840B /* cocos2d_libs.xcodeproj */;
			proxyType = 2;
			remoteGlobalIDString = 1551A33F158F2AB200E66CFE;
			remoteInfo = "cocos2dx Mac";
		};
		1AC6FB06180E9839004C840B /* PBXContainerItemProxy */ = {
			isa = PBXContainerItemProxy;
			containerPortal = 1AC6FAE5180E9839004C840B /* cocos2d_libs.xcodeproj */;
			proxyType = 2;
			remoteGlobalIDString = A07A4D641783777C0073F6A7;
			remoteInfo = "cocos2dx iOS";
		};
		1AC6FB15180E9959004C840B /* PBXContainerItemProxy */ = {
			isa = PBXContainerItemProxy;
			containerPortal = 1AC6FAE5180E9839004C840B /* cocos2d_libs.xcodeproj */;
			proxyType = 1;
			remoteGlobalIDString = 1551A33E158F2AB200E66CFE;
			remoteInfo = "cocos2dx Mac";
		};
		1AC6FB24180E99E1004C840B /* PBXContainerItemProxy */ = {
			isa = PBXContainerItemProxy;
			containerPortal = 1AC6FAE5180E9839004C840B /* cocos2d_libs.xcodeproj */;
			proxyType = 1;
			remoteGlobalIDString = A07A4C241783777C0073F6A7;
			remoteInfo = "cocos2dx iOS";
		};
/* End PBXContainerItemProxy section */

/* Begin PBXFileReference section */
		181B68201AD7EC3A0002E5DC /* Robot.h */ = {isa = PBXFileReference; fileEncoding = 4; lastKnownFileType = sourcecode.c.h; path = Robot.h; sourceTree = "<group>"; };
		181B68211AD7EC3A0002E5DC /* Robot.cpp */ = {isa = PBXFileReference; fileEncoding = 4; lastKnownFileType = sourcecode.cpp.cpp; path = Robot.cpp; sourceTree = "<group>"; };
		181B68241AD7F1FA0002E5DC /* BulletSprite.h */ = {isa = PBXFileReference; fileEncoding = 4; lastKnownFileType = sourcecode.c.h; path = BulletSprite.h; sourceTree = "<group>"; };
		181B68251AD7F1FA0002E5DC /* BulletSprite.cpp */ = {isa = PBXFileReference; fileEncoding = 4; lastKnownFileType = sourcecode.cpp.cpp; path = BulletSprite.cpp; sourceTree = "<group>"; };
		182FFB521AC56F7000FAA8AD /* UI */ = {isa = PBXFileReference; lastKnownFileType = folder; path = UI; sourceTree = "<group>"; };
		182FFB6B1AC5806C00FAA8AD /* CSV */ = {isa = PBXFileReference; lastKnownFileType = folder; path = CSV; sourceTree = "<group>"; };
		1832BD101AD04FD7004C7003 /* CSVParser.cpp */ = {isa = PBXFileReference; fileEncoding = 4; lastKnownFileType = sourcecode.cpp.cpp; path = CSVParser.cpp; sourceTree = "<group>"; };
		1832BD111AD04FD7004C7003 /* CSVParser.h */ = {isa = PBXFileReference; fileEncoding = 4; lastKnownFileType = sourcecode.c.h; path = CSVParser.h; sourceTree = "<group>"; };
		1832BD131AD04FD7004C7003 /* sqlite3.c */ = {isa = PBXFileReference; fileEncoding = 4; lastKnownFileType = sourcecode.c.c; path = sqlite3.c; sourceTree = "<group>"; };
		1832BD141AD04FD7004C7003 /* sqlite3.h */ = {isa = PBXFileReference; fileEncoding = 4; lastKnownFileType = sourcecode.c.h; path = sqlite3.h; sourceTree = "<group>"; };
		1832BD151AD04FD7004C7003 /* sqlite3ext.h */ = {isa = PBXFileReference; fileEncoding = 4; lastKnownFileType = sourcecode.c.h; path = sqlite3ext.h; sourceTree = "<group>"; };
		1832BD171AD04FD7004C7003 /* BuildingSprite.cpp */ = {isa = PBXFileReference; fileEncoding = 4; lastKnownFileType = sourcecode.cpp.cpp; path = BuildingSprite.cpp; sourceTree = "<group>"; };
		1832BD181AD04FD7004C7003 /* BuildingSprite.h */ = {isa = PBXFileReference; fileEncoding = 4; lastKnownFileType = sourcecode.c.h; path = BuildingSprite.h; sourceTree = "<group>"; };
		1832BD191AD04FD7004C7003 /* MiwuSprite.cpp */ = {isa = PBXFileReference; fileEncoding = 4; lastKnownFileType = sourcecode.cpp.cpp; path = MiwuSprite.cpp; sourceTree = "<group>"; };
		1832BD1A1AD04FD7004C7003 /* MiwuSprite.h */ = {isa = PBXFileReference; fileEncoding = 4; lastKnownFileType = sourcecode.c.h; path = MiwuSprite.h; sourceTree = "<group>"; };
		1832BD1B1AD04FD7004C7003 /* TownSprite.cpp */ = {isa = PBXFileReference; fileEncoding = 4; lastKnownFileType = sourcecode.cpp.cpp; path = TownSprite.cpp; sourceTree = "<group>"; };
		1832BD1C1AD04FD7004C7003 /* TownSprite.h */ = {isa = PBXFileReference; fileEncoding = 4; lastKnownFileType = sourcecode.c.h; path = TownSprite.h; sourceTree = "<group>"; };
		1832BD201AD04FD7004C7003 /* TownDialog.cpp */ = {isa = PBXFileReference; fileEncoding = 4; lastKnownFileType = sourcecode.cpp.cpp; path = TownDialog.cpp; sourceTree = "<group>"; };
		1832BD211AD04FD7004C7003 /* TownDialog.h */ = {isa = PBXFileReference; fileEncoding = 4; lastKnownFileType = sourcecode.c.h; path = TownDialog.h; sourceTree = "<group>"; };
		1832BD231AD04FD7004C7003 /* HelloScene.cpp */ = {isa = PBXFileReference; fileEncoding = 4; lastKnownFileType = sourcecode.cpp.cpp; path = HelloScene.cpp; sourceTree = "<group>"; };
		1832BD241AD04FD7004C7003 /* HelloScene.h */ = {isa = PBXFileReference; fileEncoding = 4; lastKnownFileType = sourcecode.c.h; path = HelloScene.h; sourceTree = "<group>"; };
		1832BD261AD04FD7004C7003 /* HomeHudLayer.cpp */ = {isa = PBXFileReference; fileEncoding = 4; lastKnownFileType = sourcecode.cpp.cpp; path = HomeHudLayer.cpp; sourceTree = "<group>"; };
		1832BD271AD04FD7004C7003 /* HomeHudLayer.h */ = {isa = PBXFileReference; fileEncoding = 4; lastKnownFileType = sourcecode.c.h; path = HomeHudLayer.h; sourceTree = "<group>"; };
		1832BD281AD04FD7004C7003 /* HomeMapLayer.cpp */ = {isa = PBXFileReference; fileEncoding = 4; lastKnownFileType = sourcecode.cpp.cpp; path = HomeMapLayer.cpp; sourceTree = "<group>"; };
		1832BD291AD04FD7004C7003 /* HomeMapLayer.h */ = {isa = PBXFileReference; fileEncoding = 4; lastKnownFileType = sourcecode.c.h; path = HomeMapLayer.h; sourceTree = "<group>"; };
		1832BD2A1AD04FD7004C7003 /* HomeScene.cpp */ = {isa = PBXFileReference; fileEncoding = 4; lastKnownFileType = sourcecode.cpp.cpp; path = HomeScene.cpp; sourceTree = "<group>"; };
		1832BD2B1AD04FD7004C7003 /* HomeScene.h */ = {isa = PBXFileReference; fileEncoding = 4; lastKnownFileType = sourcecode.c.h; path = HomeScene.h; sourceTree = "<group>"; };
		1832BD2C1AD04FD7004C7003 /* PanZoomLayer.cpp */ = {isa = PBXFileReference; fileEncoding = 4; lastKnownFileType = sourcecode.cpp.cpp; path = PanZoomLayer.cpp; sourceTree = "<group>"; };
		1832BD2D1AD04FD7004C7003 /* PanZoomLayer.h */ = {isa = PBXFileReference; fileEncoding = 4; lastKnownFileType = sourcecode.c.h; path = PanZoomLayer.h; sourceTree = "<group>"; };
		1832BD2F1AD04FD7004C7003 /* WorldHudLayer.cpp */ = {isa = PBXFileReference; fileEncoding = 4; lastKnownFileType = sourcecode.cpp.cpp; path = WorldHudLayer.cpp; sourceTree = "<group>"; };
		1832BD301AD04FD7004C7003 /* WorldHudLayer.h */ = {isa = PBXFileReference; fileEncoding = 4; lastKnownFileType = sourcecode.c.h; path = WorldHudLayer.h; sourceTree = "<group>"; };
		1832BD311AD04FD7004C7003 /* WorldMapLayer.cpp */ = {isa = PBXFileReference; fileEncoding = 4; lastKnownFileType = sourcecode.cpp.cpp; path = WorldMapLayer.cpp; sourceTree = "<group>"; };
		1832BD321AD04FD7004C7003 /* WorldMapLayer.h */ = {isa = PBXFileReference; fileEncoding = 4; lastKnownFileType = sourcecode.c.h; path = WorldMapLayer.h; sourceTree = "<group>"; };
		1832BD331AD04FD7004C7003 /* WorldScene.cpp */ = {isa = PBXFileReference; fileEncoding = 4; lastKnownFileType = sourcecode.cpp.cpp; path = WorldScene.cpp; sourceTree = "<group>"; };
		1832BD341AD04FD7004C7003 /* WorldScene.h */ = {isa = PBXFileReference; fileEncoding = 4; lastKnownFileType = sourcecode.c.h; path = WorldScene.h; sourceTree = "<group>"; };
		1832BD361AD04FD7004C7003 /* Config.h */ = {isa = PBXFileReference; fileEncoding = 4; lastKnownFileType = sourcecode.c.h; path = Config.h; sourceTree = "<group>"; };
		1832BD371AD04FD7004C7003 /* DataManager.cpp */ = {isa = PBXFileReference; fileEncoding = 4; lastKnownFileType = sourcecode.cpp.cpp; path = DataManager.cpp; sourceTree = "<group>"; };
		1832BD381AD04FD7004C7003 /* DataManager.h */ = {isa = PBXFileReference; fileEncoding = 4; lastKnownFileType = sourcecode.c.h; path = DataManager.h; sourceTree = "<group>"; };
		1832BD391AD04FD7004C7003 /* DBManager.cpp */ = {isa = PBXFileReference; fileEncoding = 4; lastKnownFileType = sourcecode.cpp.cpp; path = DBManager.cpp; sourceTree = "<group>"; };
		1832BD3A1AD04FD7004C7003 /* DBManager.h */ = {isa = PBXFileReference; fileEncoding = 4; lastKnownFileType = sourcecode.c.h; path = DBManager.h; sourceTree = "<group>"; };
		1832BD3B1AD04FD7004C7003 /* GlobalManager.cpp */ = {isa = PBXFileReference; fileEncoding = 4; lastKnownFileType = sourcecode.cpp.cpp; path = GlobalManager.cpp; sourceTree = "<group>"; };
		1832BD3C1AD04FD7004C7003 /* GlobalManager.h */ = {isa = PBXFileReference; fileEncoding = 4; lastKnownFileType = sourcecode.c.h; path = GlobalManager.h; sourceTree = "<group>"; };
		1832BD3D1AD04FD7004C7003 /* Public.h */ = {isa = PBXFileReference; fileEncoding = 4; lastKnownFileType = sourcecode.c.h; path = Public.h; sourceTree = "<group>"; };
		1832BD3E1AD04FD7004C7003 /* AppDelegate.h */ = {isa = PBXFileReference; fileEncoding = 4; lastKnownFileType = sourcecode.c.h; path = AppDelegate.h; sourceTree = "<group>"; };
		1832BD3F1AD04FD7004C7003 /* AppDelegate.cpp */ = {isa = PBXFileReference; fileEncoding = 4; lastKnownFileType = sourcecode.cpp.cpp; path = AppDelegate.cpp; sourceTree = "<group>"; };
		1845F9FF1AD17EC20055F478 /* HarvestBubble.h */ = {isa = PBXFileReference; fileEncoding = 4; lastKnownFileType = sourcecode.c.h; path = HarvestBubble.h; sourceTree = "<group>"; };
		1845FA001AD17EC20055F478 /* HarvestBubble.cpp */ = {isa = PBXFileReference; fileEncoding = 4; lastKnownFileType = sourcecode.cpp.cpp; path = HarvestBubble.cpp; sourceTree = "<group>"; };
		1852E1CF1AD6459A00A0C5FF /* BuildingInfoDialog.h */ = {isa = PBXFileReference; fileEncoding = 4; lastKnownFileType = sourcecode.c.h; path = BuildingInfoDialog.h; sourceTree = "<group>"; };
		1852E1D01AD6459A00A0C5FF /* BuildingInfoDialog.cpp */ = {isa = PBXFileReference; fileEncoding = 4; lastKnownFileType = sourcecode.cpp.cpp; path = BuildingInfoDialog.cpp; sourceTree = "<group>"; };
		1852E1D31AD66E3000A0C5FF /* BuildingUpgradeDialog.h */ = {isa = PBXFileReference; fileEncoding = 4; lastKnownFileType = sourcecode.c.h; path = BuildingUpgradeDialog.h; sourceTree = "<group>"; };
		1852E1D41AD66E3000A0C5FF /* BuildingUpgradeDialog.cpp */ = {isa = PBXFileReference; fileEncoding = 4; lastKnownFileType = sourcecode.cpp.cpp; path = BuildingUpgradeDialog.cpp; sourceTree = "<group>"; };
		1852E1D71AD6933800A0C5FF /* Notice.h */ = {isa = PBXFileReference; fileEncoding = 4; lastKnownFileType = sourcecode.c.h; path = Notice.h; sourceTree = "<group>"; };
		1852E1D81AD6933800A0C5FF /* Notice.cpp */ = {isa = PBXFileReference; fileEncoding = 4; lastKnownFileType = sourcecode.cpp.cpp; path = Notice.cpp; sourceTree = "<group>"; };
		1852E1DB1AD6A40E00A0C5FF /* BuildProcess.cpp */ = {isa = PBXFileReference; fileEncoding = 4; lastKnownFileType = sourcecode.cpp.cpp; path = BuildProcess.cpp; sourceTree = "<group>"; };
		1852E1DC1AD6A40E00A0C5FF /* BuildProcess.h */ = {isa = PBXFileReference; fileEncoding = 4; lastKnownFileType = sourcecode.c.h; path = BuildProcess.h; sourceTree = "<group>"; };
		1852E1DF1AD7005800A0C5FF /* NewBuildDialog.h */ = {isa = PBXFileReference; fileEncoding = 4; lastKnownFileType = sourcecode.c.h; path = NewBuildDialog.h; sourceTree = "<group>"; };
		1852E1E01AD7005800A0C5FF /* NewBuildDialog.cpp */ = {isa = PBXFileReference; fileEncoding = 4; lastKnownFileType = sourcecode.cpp.cpp; path = NewBuildDialog.cpp; sourceTree = "<group>"; };
		185BB7971AD83304008B03F2 /* SoilderInfoDialog.h */ = {isa = PBXFileReference; fileEncoding = 4; lastKnownFileType = sourcecode.c.h; path = SoilderInfoDialog.h; sourceTree = "<group>"; };
		185BB7981AD83304008B03F2 /* SoilderInfoDialog.cpp */ = {isa = PBXFileReference; fileEncoding = 4; lastKnownFileType = sourcecode.cpp.cpp; path = SoilderInfoDialog.cpp; sourceTree = "<group>"; };
		185BB79B1AD848D9008B03F2 /* CampDialog.h */ = {isa = PBXFileReference; fileEncoding = 4; lastKnownFileType = sourcecode.c.h; path = CampDialog.h; sourceTree = "<group>"; };
		185BB79C1AD848D9008B03F2 /* CampDialog.cpp */ = {isa = PBXFileReference; fileEncoding = 4; lastKnownFileType = sourcecode.cpp.cpp; path = CampDialog.cpp; sourceTree = "<group>"; };
		187DED541AD80CC60019751D /* animation */ = {isa = PBXFileReference; lastKnownFileType = folder; path = animation; sourceTree = "<group>"; };
		188734321AD7B7950086CC88 /* NewBuilding.h */ = {isa = PBXFileReference; fileEncoding = 4; lastKnownFileType = sourcecode.c.h; path = NewBuilding.h; sourceTree = "<group>"; };
		188734331AD7B7950086CC88 /* NewBuilding.cpp */ = {isa = PBXFileReference; fileEncoding = 4; lastKnownFileType = sourcecode.cpp.cpp; path = NewBuilding.cpp; sourceTree = "<group>"; };
		189243D91ADA69B1006ECD1B /* BattleHudLayer.cpp */ = {isa = PBXFileReference; fileEncoding = 4; lastKnownFileType = sourcecode.cpp.cpp; path = BattleHudLayer.cpp; sourceTree = "<group>"; };
		189243DA1ADA69B1006ECD1B /* BattleHudLayer.h */ = {isa = PBXFileReference; fileEncoding = 4; lastKnownFileType = sourcecode.c.h; path = BattleHudLayer.h; sourceTree = "<group>"; };
		189243DB1ADA69B1006ECD1B /* BattleMapLayer.cpp */ = {isa = PBXFileReference; fileEncoding = 4; lastKnownFileType = sourcecode.cpp.cpp; path = BattleMapLayer.cpp; sourceTree = "<group>"; };
		189243DC1ADA69B1006ECD1B /* BattleMapLayer.h */ = {isa = PBXFileReference; fileEncoding = 4; lastKnownFileType = sourcecode.c.h; path = BattleMapLayer.h; sourceTree = "<group>"; };
		189243DD1ADA69B1006ECD1B /* BattleScene.cpp */ = {isa = PBXFileReference; fileEncoding = 4; lastKnownFileType = sourcecode.cpp.cpp; path = BattleScene.cpp; sourceTree = "<group>"; };
		189243DE1ADA69B1006ECD1B /* BattleScene.h */ = {isa = PBXFileReference; fileEncoding = 4; lastKnownFileType = sourcecode.c.h; path = BattleScene.h; sourceTree = "<group>"; };
		189243E51ADA8AB8006ECD1B /* Building.h */ = {isa = PBXFileReference; fileEncoding = 4; lastKnownFileType = sourcecode.c.h; path = Building.h; sourceTree = "<group>"; };
		189243E61ADA8AB8006ECD1B /* Building.cpp */ = {isa = PBXFileReference; fileEncoding = 4; lastKnownFileType = sourcecode.cpp.cpp; path = Building.cpp; sourceTree = "<group>"; };
		189243E91ADA94BE006ECD1B /* Soilder.h */ = {isa = PBXFileReference; fileEncoding = 4; lastKnownFileType = sourcecode.c.h; path = Soilder.h; sourceTree = "<group>"; };
		189243EA1ADA94BE006ECD1B /* Soilder.cpp */ = {isa = PBXFileReference; fileEncoding = 4; lastKnownFileType = sourcecode.cpp.cpp; path = Soilder.cpp; sourceTree = "<group>"; };
		189243ED1ADAA0B0006ECD1B /* AIManager.h */ = {isa = PBXFileReference; fileEncoding = 4; lastKnownFileType = sourcecode.c.h; path = AIManager.h; sourceTree = "<group>"; };
		189243EE1ADAA0B0006ECD1B /* AIManager.cpp */ = {isa = PBXFileReference; fileEncoding = 4; lastKnownFileType = sourcecode.cpp.cpp; path = AIManager.cpp; sourceTree = "<group>"; };
		189243F11ADAA5D3006ECD1B /* BaseSprite.h */ = {isa = PBXFileReference; fileEncoding = 4; lastKnownFileType = sourcecode.c.h; path = BaseSprite.h; sourceTree = "<group>"; };
		189243F21ADAA5D3006ECD1B /* BaseSprite.cpp */ = {isa = PBXFileReference; fileEncoding = 4; lastKnownFileType = sourcecode.cpp.cpp; path = BaseSprite.cpp; sourceTree = "<group>"; };
		189243FD1ADAFFCD006ECD1B /* Hero.h */ = {isa = PBXFileReference; fileEncoding = 4; lastKnownFileType = sourcecode.c.h; path = Hero.h; sourceTree = "<group>"; };
		189243FE1ADAFFCD006ECD1B /* Hero.cpp */ = {isa = PBXFileReference; fileEncoding = 4; lastKnownFileType = sourcecode.cpp.cpp; path = Hero.cpp; sourceTree = "<group>"; };
		189244011ADBFDA2006ECD1B /* GameOverDialog.h */ = {isa = PBXFileReference; fileEncoding = 4; lastKnownFileType = sourcecode.c.h; path = GameOverDialog.h; sourceTree = "<group>"; };
		189244021ADBFDA2006ECD1B /* GameOverDialog.cpp */ = {isa = PBXFileReference; fileEncoding = 4; lastKnownFileType = sourcecode.cpp.cpp; path = GameOverDialog.cpp; sourceTree = "<group>"; };
		189244051ADC05DD006ECD1B /* music */ = {isa = PBXFileReference; lastKnownFileType = folder; path = music; sourceTree = "<group>"; };
		18BD92FE1AD9176200F48B53 /* LabDialog.h */ = {isa = PBXFileReference; fileEncoding = 4; lastKnownFileType = sourcecode.c.h; path = LabDialog.h; sourceTree = "<group>"; };
		18BD92FF1AD9176200F48B53 /* LabDialog.cpp */ = {isa = PBXFileReference; fileEncoding = 4; lastKnownFileType = sourcecode.cpp.cpp; path = LabDialog.cpp; sourceTree = "<group>"; };
		18BD93021AD9565300F48B53 /* HeroHotelDialog.h */ = {isa = PBXFileReference; fileEncoding = 4; lastKnownFileType = sourcecode.c.h; path = HeroHotelDialog.h; sourceTree = "<group>"; };
		18BD93031AD9565300F48B53 /* HeroHotelDialog.cpp */ = {isa = PBXFileReference; fileEncoding = 4; lastKnownFileType = sourcecode.cpp.cpp; path = HeroHotelDialog.cpp; sourceTree = "<group>"; };
		18BD93061AD9567700F48B53 /* HeroInfoDialog.h */ = {isa = PBXFileReference; fileEncoding = 4; lastKnownFileType = sourcecode.c.h; path = HeroInfoDialog.h; sourceTree = "<group>"; };
		18BD93071AD9567700F48B53 /* HeroInfoDialog.cpp */ = {isa = PBXFileReference; fileEncoding = 4; lastKnownFileType = sourcecode.cpp.cpp; path = HeroInfoDialog.cpp; sourceTree = "<group>"; };
		18C7FCC81AC1782B008C4B12 /* fonts */ = {isa = PBXFileReference; lastKnownFileType = folder; path = fonts; sourceTree = "<group>"; };
		18C7FCC91AC1782B008C4B12 /* images */ = {isa = PBXFileReference; lastKnownFileType = folder; path = images; sourceTree = "<group>"; };
		18E053761AD51E52009083DD /* HomeOptLayer.h */ = {isa = PBXFileReference; fileEncoding = 4; lastKnownFileType = sourcecode.c.h; path = HomeOptLayer.h; sourceTree = "<group>"; };
		18E053771AD51E52009083DD /* HomeOptLayer.cpp */ = {isa = PBXFileReference; fileEncoding = 4; lastKnownFileType = sourcecode.cpp.cpp; path = HomeOptLayer.cpp; sourceTree = "<group>"; };
		1AC6FAE5180E9839004C840B /* cocos2d_libs.xcodeproj */ = {isa = PBXFileReference; lastKnownFileType = "wrapper.pb-project"; name = cocos2d_libs.xcodeproj; path = ../cocos2d/build/cocos2d_libs.xcodeproj; sourceTree = "<group>"; };
		1ACB3243164770DE00914215 /* libcurl.a */ = {isa = PBXFileReference; lastKnownFileType = archive.ar; name = libcurl.a; path = ../../cocos2dx/platform/third_party/ios/libraries/libcurl.a; sourceTree = "<group>"; };
		1D30AB110D05D00D00671497 /* Foundation.framework */ = {isa = PBXFileReference; lastKnownFileType = wrapper.framework; name = Foundation.framework; path = System/Library/Frameworks/Foundation.framework; sourceTree = SDKROOT; };
		1D6058910D05DD3D006BFB54 /* Ring iOS.app */ = {isa = PBXFileReference; explicitFileType = wrapper.application; includeInIndex = 0; path = "Ring iOS.app"; sourceTree = BUILT_PRODUCTS_DIR; };
		1DF5F4DF0D08C38300B7A737 /* UIKit.framework */ = {isa = PBXFileReference; lastKnownFileType = wrapper.framework; name = UIKit.framework; path = System/Library/Frameworks/UIKit.framework; sourceTree = SDKROOT; };
		288765A40DF7441C002DB57D /* CoreGraphics.framework */ = {isa = PBXFileReference; lastKnownFileType = wrapper.framework; name = CoreGraphics.framework; path = System/Library/Frameworks/CoreGraphics.framework; sourceTree = SDKROOT; };
		503AE0F617EB97AB00D1A890 /* Icon.icns */ = {isa = PBXFileReference; lastKnownFileType = image.icns; path = Icon.icns; sourceTree = "<group>"; };
		503AE0F717EB97AB00D1A890 /* Info.plist */ = {isa = PBXFileReference; fileEncoding = 4; lastKnownFileType = text.plist.xml; path = Info.plist; sourceTree = "<group>"; };
		503AE0FA17EB989F00D1A890 /* AppController.h */ = {isa = PBXFileReference; fileEncoding = 4; lastKnownFileType = sourcecode.c.h; name = AppController.h; path = ios/AppController.h; sourceTree = SOURCE_ROOT; };
		503AE0FB17EB989F00D1A890 /* AppController.mm */ = {isa = PBXFileReference; fileEncoding = 4; lastKnownFileType = sourcecode.cpp.objcpp; name = AppController.mm; path = ios/AppController.mm; sourceTree = SOURCE_ROOT; };
		503AE0FC17EB989F00D1A890 /* main.m */ = {isa = PBXFileReference; fileEncoding = 4; lastKnownFileType = sourcecode.c.objc; name = main.m; path = ios/main.m; sourceTree = SOURCE_ROOT; };
		503AE0FD17EB989F00D1A890 /* Prefix.pch */ = {isa = PBXFileReference; fileEncoding = 4; lastKnownFileType = sourcecode.c.h; name = Prefix.pch; path = ios/Prefix.pch; sourceTree = SOURCE_ROOT; };
		503AE0FE17EB989F00D1A890 /* RootViewController.h */ = {isa = PBXFileReference; fileEncoding = 4; lastKnownFileType = sourcecode.c.h; name = RootViewController.h; path = ios/RootViewController.h; sourceTree = SOURCE_ROOT; };
		503AE0FF17EB989F00D1A890 /* RootViewController.mm */ = {isa = PBXFileReference; fileEncoding = 4; lastKnownFileType = sourcecode.cpp.objcpp; name = RootViewController.mm; path = ios/RootViewController.mm; sourceTree = SOURCE_ROOT; };
		503AE10317EB98FF00D1A890 /* main.cpp */ = {isa = PBXFileReference; fileEncoding = 4; lastKnownFileType = sourcecode.cpp.cpp; name = main.cpp; path = mac/main.cpp; sourceTree = "<group>"; };
		503AE10417EB98FF00D1A890 /* Prefix.pch */ = {isa = PBXFileReference; fileEncoding = 4; lastKnownFileType = sourcecode.c.h; name = Prefix.pch; path = mac/Prefix.pch; sourceTree = "<group>"; };
		503AE11117EB99EE00D1A890 /* libcurl.dylib */ = {isa = PBXFileReference; lastKnownFileType = "compiled.mach-o.dylib"; name = libcurl.dylib; path = usr/lib/libcurl.dylib; sourceTree = SDKROOT; };
		503AE11A17EB9C5A00D1A890 /* IOKit.framework */ = {isa = PBXFileReference; lastKnownFileType = wrapper.framework; name = IOKit.framework; path = System/Library/Frameworks/IOKit.framework; sourceTree = SDKROOT; };
		5087E76F17EB910900C73F5D /* Ring Mac.app */ = {isa = PBXFileReference; explicitFileType = wrapper.application; includeInIndex = 0; path = "Ring Mac.app"; sourceTree = BUILT_PRODUCTS_DIR; };
		5087E77217EB970100C73F5D /* Default-568h@2x.png */ = {isa = PBXFileReference; lastKnownFileType = image.png; path = "Default-568h@2x.png"; sourceTree = "<group>"; };
		5087E77317EB970100C73F5D /* Default.png */ = {isa = PBXFileReference; lastKnownFileType = image.png; path = Default.png; sourceTree = "<group>"; };
		5087E77417EB970100C73F5D /* Default@2x.png */ = {isa = PBXFileReference; lastKnownFileType = image.png; path = "Default@2x.png"; sourceTree = "<group>"; };
		5087E77517EB970100C73F5D /* Icon-114.png */ = {isa = PBXFileReference; lastKnownFileType = image.png; path = "Icon-114.png"; sourceTree = "<group>"; };
		5087E77617EB970100C73F5D /* Icon-120.png */ = {isa = PBXFileReference; lastKnownFileType = image.png; path = "Icon-120.png"; sourceTree = "<group>"; };
		5087E77717EB970100C73F5D /* Icon-144.png */ = {isa = PBXFileReference; lastKnownFileType = image.png; path = "Icon-144.png"; sourceTree = "<group>"; };
		5087E77817EB970100C73F5D /* Icon-152.png */ = {isa = PBXFileReference; lastKnownFileType = image.png; path = "Icon-152.png"; sourceTree = "<group>"; };
		5087E77917EB970100C73F5D /* Icon-57.png */ = {isa = PBXFileReference; lastKnownFileType = image.png; path = "Icon-57.png"; sourceTree = "<group>"; };
		5087E77A17EB970100C73F5D /* Icon-72.png */ = {isa = PBXFileReference; lastKnownFileType = image.png; path = "Icon-72.png"; sourceTree = "<group>"; };
		5087E77B17EB970100C73F5D /* Icon-76.png */ = {isa = PBXFileReference; lastKnownFileType = image.png; path = "Icon-76.png"; sourceTree = "<group>"; };
		5087E77C17EB970100C73F5D /* Info.plist */ = {isa = PBXFileReference; fileEncoding = 4; lastKnownFileType = text.plist.xml; path = Info.plist; sourceTree = "<group>"; };
		5087E78817EB974C00C73F5D /* AppKit.framework */ = {isa = PBXFileReference; lastKnownFileType = wrapper.framework; name = AppKit.framework; path = System/Library/Frameworks/AppKit.framework; sourceTree = SDKROOT; };
		5087E78A17EB975400C73F5D /* OpenGL.framework */ = {isa = PBXFileReference; lastKnownFileType = wrapper.framework; name = OpenGL.framework; path = System/Library/Frameworks/OpenGL.framework; sourceTree = SDKROOT; };
		50EF629217ECD46A001EB2F8 /* Icon-40.png */ = {isa = PBXFileReference; lastKnownFileType = image.png; path = "Icon-40.png"; sourceTree = "<group>"; };
		50EF629317ECD46A001EB2F8 /* Icon-58.png */ = {isa = PBXFileReference; lastKnownFileType = image.png; path = "Icon-58.png"; sourceTree = "<group>"; };
		50EF629417ECD46A001EB2F8 /* Icon-80.png */ = {isa = PBXFileReference; lastKnownFileType = image.png; path = "Icon-80.png"; sourceTree = "<group>"; };
		50EF629517ECD46A001EB2F8 /* Icon-100.png */ = {isa = PBXFileReference; lastKnownFileType = image.png; path = "Icon-100.png"; sourceTree = "<group>"; };
		50EF62A017ECD613001EB2F8 /* Icon-29.png */ = {isa = PBXFileReference; lastKnownFileType = image.png; path = "Icon-29.png"; sourceTree = "<group>"; };
		50EF62A117ECD613001EB2F8 /* Icon-50.png */ = {isa = PBXFileReference; lastKnownFileType = image.png; path = "Icon-50.png"; sourceTree = "<group>"; };
		521A8E6219F0C34300D177D7 /* Default-667h@2x.png */ = {isa = PBXFileReference; lastKnownFileType = image.png; path = "Default-667h@2x.png"; sourceTree = "<group>"; };
		521A8E6319F0C34300D177D7 /* Default-736h@3x.png */ = {isa = PBXFileReference; lastKnownFileType = image.png; path = "Default-736h@3x.png"; sourceTree = "<group>"; };
		52B47A461A53D09B004E4C60 /* Security.framework */ = {isa = PBXFileReference; lastKnownFileType = wrapper.framework; name = Security.framework; path = Platforms/iPhoneOS.platform/Developer/SDKs/iPhoneOS8.1.sdk/System/Library/Frameworks/Security.framework; sourceTree = DEVELOPER_DIR; };
		BF170DB012928DE900B8313A /* OpenGLES.framework */ = {isa = PBXFileReference; lastKnownFileType = wrapper.framework; name = OpenGLES.framework; path = System/Library/Frameworks/OpenGLES.framework; sourceTree = SDKROOT; };
		BF170DB412928DE900B8313A /* libz.dylib */ = {isa = PBXFileReference; lastKnownFileType = "compiled.mach-o.dylib"; name = libz.dylib; path = usr/lib/libz.dylib; sourceTree = SDKROOT; };
		BF1C47EA1293683800B63C5D /* QuartzCore.framework */ = {isa = PBXFileReference; lastKnownFileType = wrapper.framework; name = QuartzCore.framework; path = System/Library/Frameworks/QuartzCore.framework; sourceTree = SDKROOT; };
		D44C620B132DFF330009C878 /* OpenAL.framework */ = {isa = PBXFileReference; lastKnownFileType = wrapper.framework; name = OpenAL.framework; path = System/Library/Frameworks/OpenAL.framework; sourceTree = SDKROOT; };
		D44C620D132DFF430009C878 /* AVFoundation.framework */ = {isa = PBXFileReference; lastKnownFileType = wrapper.framework; name = AVFoundation.framework; path = System/Library/Frameworks/AVFoundation.framework; sourceTree = SDKROOT; };
		D44C620F132DFF4E0009C878 /* AudioToolbox.framework */ = {isa = PBXFileReference; lastKnownFileType = wrapper.framework; name = AudioToolbox.framework; path = System/Library/Frameworks/AudioToolbox.framework; sourceTree = SDKROOT; };
		D6B0611A1803AB670077942B /* CoreMotion.framework */ = {isa = PBXFileReference; lastKnownFileType = wrapper.framework; name = CoreMotion.framework; path = Platforms/iPhoneOS.platform/Developer/SDKs/iPhoneOS7.0.sdk/System/Library/Frameworks/CoreMotion.framework; sourceTree = DEVELOPER_DIR; };
/* End PBXFileReference section */

/* Begin PBXFrameworksBuildPhase section */
		1D60588F0D05DD3D006BFB54 /* Frameworks */ = {
			isa = PBXFrameworksBuildPhase;
			buildActionMask = 2147483647;
			files = (
				52B47A471A53D09C004E4C60 /* Security.framework in Frameworks */,
				1AC6FB30180E99EB004C840B /* libcocos2d iOS.a in Frameworks */,
				D6B0611B1803AB670077942B /* CoreMotion.framework in Frameworks */,
				1D60589F0D05DD5A006BFB54 /* Foundation.framework in Frameworks */,
				1DF5F4E00D08C38300B7A737 /* UIKit.framework in Frameworks */,
				288765A50DF7441C002DB57D /* CoreGraphics.framework in Frameworks */,
				BF171245129291EC00B8313A /* OpenGLES.framework in Frameworks */,
				BF1712471292920000B8313A /* libz.dylib in Frameworks */,
				BF1C47F01293687400B63C5D /* QuartzCore.framework in Frameworks */,
				D44C620C132DFF330009C878 /* OpenAL.framework in Frameworks */,
				D44C620E132DFF430009C878 /* AVFoundation.framework in Frameworks */,
				D44C6210132DFF4E0009C878 /* AudioToolbox.framework in Frameworks */,
			);
			runOnlyForDeploymentPostprocessing = 0;
		};
		5087E75C17EB910900C73F5D /* Frameworks */ = {
			isa = PBXFrameworksBuildPhase;
			buildActionMask = 2147483647;
			files = (
				1AC6FB21180E996B004C840B /* libcocos2d Mac.a in Frameworks */,
				5087E76717EB910900C73F5D /* libz.dylib in Frameworks */,
				503AE11B17EB9C5A00D1A890 /* IOKit.framework in Frameworks */,
				5087E78B17EB975400C73F5D /* OpenGL.framework in Frameworks */,
				5087E78917EB974C00C73F5D /* AppKit.framework in Frameworks */,
				5087E76317EB910900C73F5D /* Foundation.framework in Frameworks */,
				5087E76817EB910900C73F5D /* QuartzCore.framework in Frameworks */,
				5087E76917EB910900C73F5D /* OpenAL.framework in Frameworks */,
				5087E76A17EB910900C73F5D /* AVFoundation.framework in Frameworks */,
				5087E76B17EB910900C73F5D /* AudioToolbox.framework in Frameworks */,
			);
			runOnlyForDeploymentPostprocessing = 0;
		};
/* End PBXFrameworksBuildPhase section */

/* Begin PBXGroup section */
		080E96DDFE201D6D7F000001 /* ios */ = {
			isa = PBXGroup;
			children = (
				5087E77117EB970100C73F5D /* Icons */,
				503AE0FA17EB989F00D1A890 /* AppController.h */,
				503AE0FB17EB989F00D1A890 /* AppController.mm */,
				503AE0FC17EB989F00D1A890 /* main.m */,
				503AE0FD17EB989F00D1A890 /* Prefix.pch */,
				503AE0FE17EB989F00D1A890 /* RootViewController.h */,
				503AE0FF17EB989F00D1A890 /* RootViewController.mm */,
			);
			name = ios;
			path = Classes;
			sourceTree = "<group>";
		};
		1832BD0E1AD04FD7004C7003 /* Helper */ = {
			isa = PBXGroup;
			children = (
				1832BD0F1AD04FD7004C7003 /* CSVParser */,
				1832BD121AD04FD7004C7003 /* Sqlite3 */,
			);
			path = Helper;
			sourceTree = "<group>";
		};
		1832BD0F1AD04FD7004C7003 /* CSVParser */ = {
			isa = PBXGroup;
			children = (
				1832BD101AD04FD7004C7003 /* CSVParser.cpp */,
				1832BD111AD04FD7004C7003 /* CSVParser.h */,
			);
			path = CSVParser;
			sourceTree = "<group>";
		};
		1832BD121AD04FD7004C7003 /* Sqlite3 */ = {
			isa = PBXGroup;
			children = (
				1832BD131AD04FD7004C7003 /* sqlite3.c */,
				1832BD141AD04FD7004C7003 /* sqlite3.h */,
				1832BD151AD04FD7004C7003 /* sqlite3ext.h */,
			);
			path = Sqlite3;
			sourceTree = "<group>";
		};
		1832BD161AD04FD7004C7003 /* Model */ = {
			isa = PBXGroup;
			children = (
				189243FE1ADAFFCD006ECD1B /* Hero.cpp */,
				189243FD1ADAFFCD006ECD1B /* Hero.h */,
				189243F21ADAA5D3006ECD1B /* BaseSprite.cpp */,
				189243F11ADAA5D3006ECD1B /* BaseSprite.h */,
				189243EA1ADA94BE006ECD1B /* Soilder.cpp */,
				189243E91ADA94BE006ECD1B /* Soilder.h */,
				189243E61ADA8AB8006ECD1B /* Building.cpp */,
				189243E51ADA8AB8006ECD1B /* Building.h */,
				181B68251AD7F1FA0002E5DC /* BulletSprite.cpp */,
				181B68241AD7F1FA0002E5DC /* BulletSprite.h */,
				181B68211AD7EC3A0002E5DC /* Robot.cpp */,
				181B68201AD7EC3A0002E5DC /* Robot.h */,
				1852E1D81AD6933800A0C5FF /* Notice.cpp */,
				1852E1D71AD6933800A0C5FF /* Notice.h */,
				1852E1DB1AD6A40E00A0C5FF /* BuildProcess.cpp */,
				1852E1DC1AD6A40E00A0C5FF /* BuildProcess.h */,
				1845FA001AD17EC20055F478 /* HarvestBubble.cpp */,
				1845F9FF1AD17EC20055F478 /* HarvestBubble.h */,
				1832BD191AD04FD7004C7003 /* MiwuSprite.cpp */,
				1832BD1A1AD04FD7004C7003 /* MiwuSprite.h */,
				1832BD1B1AD04FD7004C7003 /* TownSprite.cpp */,
				1832BD1C1AD04FD7004C7003 /* TownSprite.h */,
				188734331AD7B7950086CC88 /* NewBuilding.cpp */,
				188734321AD7B7950086CC88 /* NewBuilding.h */,
				1832BD171AD04FD7004C7003 /* BuildingSprite.cpp */,
				1832BD181AD04FD7004C7003 /* BuildingSprite.h */,
			);
			path = Model;
			sourceTree = "<group>";
		};
		1832BD1D1AD04FD7004C7003 /* UI */ = {
			isa = PBXGroup;
			children = (
				1832BD1F1AD04FD7004C7003 /* DialogScene */,
				1832BD221AD04FD7004C7003 /* HelloScene */,
				1832BD2E1AD04FD7004C7003 /* WorldScene */,
				1832BD251AD04FD7004C7003 /* HomeScene */,
				189243D81ADA69B1006ECD1B /* BattleScene */,
				1832BD2C1AD04FD7004C7003 /* PanZoomLayer.cpp */,
				1832BD2D1AD04FD7004C7003 /* PanZoomLayer.h */,
			);
			path = UI;
			sourceTree = "<group>";
		};
		1832BD1F1AD04FD7004C7003 /* DialogScene */ = {
			isa = PBXGroup;
			children = (
				189244021ADBFDA2006ECD1B /* GameOverDialog.cpp */,
				189244011ADBFDA2006ECD1B /* GameOverDialog.h */,
				18BD93071AD9567700F48B53 /* HeroInfoDialog.cpp */,
				18BD93061AD9567700F48B53 /* HeroInfoDialog.h */,
				18BD93031AD9565300F48B53 /* HeroHotelDialog.cpp */,
				18BD93021AD9565300F48B53 /* HeroHotelDialog.h */,
				18BD92FF1AD9176200F48B53 /* LabDialog.cpp */,
				18BD92FE1AD9176200F48B53 /* LabDialog.h */,
				185BB7981AD83304008B03F2 /* SoilderInfoDialog.cpp */,
				185BB7971AD83304008B03F2 /* SoilderInfoDialog.h */,
				185BB79C1AD848D9008B03F2 /* CampDialog.cpp */,
				185BB79B1AD848D9008B03F2 /* CampDialog.h */,
				1852E1E01AD7005800A0C5FF /* NewBuildDialog.cpp */,
				1852E1DF1AD7005800A0C5FF /* NewBuildDialog.h */,
				1852E1D41AD66E3000A0C5FF /* BuildingUpgradeDialog.cpp */,
				1852E1D31AD66E3000A0C5FF /* BuildingUpgradeDialog.h */,
				1852E1D01AD6459A00A0C5FF /* BuildingInfoDialog.cpp */,
				1852E1CF1AD6459A00A0C5FF /* BuildingInfoDialog.h */,
				1832BD201AD04FD7004C7003 /* TownDialog.cpp */,
				1832BD211AD04FD7004C7003 /* TownDialog.h */,
			);
			path = DialogScene;
			sourceTree = "<group>";
		};
		1832BD221AD04FD7004C7003 /* HelloScene */ = {
			isa = PBXGroup;
			children = (
				1832BD231AD04FD7004C7003 /* HelloScene.cpp */,
				1832BD241AD04FD7004C7003 /* HelloScene.h */,
			);
			path = HelloScene;
			sourceTree = "<group>";
		};
		1832BD251AD04FD7004C7003 /* HomeScene */ = {
			isa = PBXGroup;
			children = (
				18E053771AD51E52009083DD /* HomeOptLayer.cpp */,
				18E053761AD51E52009083DD /* HomeOptLayer.h */,
				1832BD261AD04FD7004C7003 /* HomeHudLayer.cpp */,
				1832BD271AD04FD7004C7003 /* HomeHudLayer.h */,
				1832BD281AD04FD7004C7003 /* HomeMapLayer.cpp */,
				1832BD291AD04FD7004C7003 /* HomeMapLayer.h */,
				1832BD2A1AD04FD7004C7003 /* HomeScene.cpp */,
				1832BD2B1AD04FD7004C7003 /* HomeScene.h */,
			);
			path = HomeScene;
			sourceTree = "<group>";
		};
		1832BD2E1AD04FD7004C7003 /* WorldScene */ = {
			isa = PBXGroup;
			children = (
				1832BD2F1AD04FD7004C7003 /* WorldHudLayer.cpp */,
				1832BD301AD04FD7004C7003 /* WorldHudLayer.h */,
				1832BD311AD04FD7004C7003 /* WorldMapLayer.cpp */,
				1832BD321AD04FD7004C7003 /* WorldMapLayer.h */,
				1832BD331AD04FD7004C7003 /* WorldScene.cpp */,
				1832BD341AD04FD7004C7003 /* WorldScene.h */,
			);
			path = WorldScene;
			sourceTree = "<group>";
		};
		1832BD351AD04FD7004C7003 /* Utils */ = {
			isa = PBXGroup;
			children = (
				1832BD3D1AD04FD7004C7003 /* Public.h */,
				1832BD361AD04FD7004C7003 /* Config.h */,
				1832BD371AD04FD7004C7003 /* DataManager.cpp */,
				1832BD381AD04FD7004C7003 /* DataManager.h */,
				1832BD391AD04FD7004C7003 /* DBManager.cpp */,
				1832BD3A1AD04FD7004C7003 /* DBManager.h */,
				1832BD3B1AD04FD7004C7003 /* GlobalManager.cpp */,
				1832BD3C1AD04FD7004C7003 /* GlobalManager.h */,
			);
			path = Utils;
			sourceTree = "<group>";
		};
		189243D81ADA69B1006ECD1B /* BattleScene */ = {
			isa = PBXGroup;
			children = (
				189243EE1ADAA0B0006ECD1B /* AIManager.cpp */,
				189243ED1ADAA0B0006ECD1B /* AIManager.h */,
				189243D91ADA69B1006ECD1B /* BattleHudLayer.cpp */,
				189243DA1ADA69B1006ECD1B /* BattleHudLayer.h */,
				189243DB1ADA69B1006ECD1B /* BattleMapLayer.cpp */,
				189243DC1ADA69B1006ECD1B /* BattleMapLayer.h */,
				189243DD1ADA69B1006ECD1B /* BattleScene.cpp */,
				189243DE1ADA69B1006ECD1B /* BattleScene.h */,
			);
			path = BattleScene;
			sourceTree = "<group>";
		};
		19C28FACFE9D520D11CA2CBB /* Products */ = {
			isa = PBXGroup;
			children = (
				1D6058910D05DD3D006BFB54 /* Ring iOS.app */,
				5087E76F17EB910900C73F5D /* Ring Mac.app */,
			);
			name = Products;
			sourceTree = "<group>";
		};
		1AC6FAE6180E9839004C840B /* Products */ = {
			isa = PBXGroup;
			children = (
				1AC6FAF9180E9839004C840B /* libcocos2d Mac.a */,
				1AC6FB07180E9839004C840B /* libcocos2d iOS.a */,
			);
			name = Products;
			sourceTree = "<group>";
		};
		29B97314FDCFA39411CA2CEA /* CustomTemplate */ = {
			isa = PBXGroup;
			children = (
				1AC6FAE5180E9839004C840B /* cocos2d_libs.xcodeproj */,
				29B97323FDCFA39411CA2CEA /* Frameworks */,
				080E96DDFE201D6D7F000001 /* ios */,
				503AE10617EB990700D1A890 /* mac */,
				19C28FACFE9D520D11CA2CBB /* Products */,
				46880B8319C43A87006E1F66 /* Classes */,
				46880B7519C43A67006E1F66 /* Resources */,
			);
			name = CustomTemplate;
			sourceTree = "<group>";
		};
		29B97323FDCFA39411CA2CEA /* Frameworks */ = {
			isa = PBXGroup;
			children = (
				52B47A461A53D09B004E4C60 /* Security.framework */,
				D6B0611A1803AB670077942B /* CoreMotion.framework */,
				503AE11A17EB9C5A00D1A890 /* IOKit.framework */,
				503AE11117EB99EE00D1A890 /* libcurl.dylib */,
				5087E78A17EB975400C73F5D /* OpenGL.framework */,
				5087E78817EB974C00C73F5D /* AppKit.framework */,
				1ACB3243164770DE00914215 /* libcurl.a */,
				BF170DB412928DE900B8313A /* libz.dylib */,
				D44C620F132DFF4E0009C878 /* AudioToolbox.framework */,
				D44C620D132DFF430009C878 /* AVFoundation.framework */,
				288765A40DF7441C002DB57D /* CoreGraphics.framework */,
				1D30AB110D05D00D00671497 /* Foundation.framework */,
				D44C620B132DFF330009C878 /* OpenAL.framework */,
				BF170DB012928DE900B8313A /* OpenGLES.framework */,
				BF1C47EA1293683800B63C5D /* QuartzCore.framework */,
				1DF5F4DF0D08C38300B7A737 /* UIKit.framework */,
			);
			name = Frameworks;
			sourceTree = "<group>";
		};
		46880B7519C43A67006E1F66 /* Resources */ = {
			isa = PBXGroup;
			children = (
				189244051ADC05DD006ECD1B /* music */,
				187DED541AD80CC60019751D /* animation */,
				182FFB6B1AC5806C00FAA8AD /* CSV */,
				182FFB521AC56F7000FAA8AD /* UI */,
				18C7FCC81AC1782B008C4B12 /* fonts */,
				18C7FCC91AC1782B008C4B12 /* images */,
			);
			name = Resources;
			path = ../Resources;
			sourceTree = "<group>";
		};
		46880B8319C43A87006E1F66 /* Classes */ = {
			isa = PBXGroup;
			children = (
				1832BD0E1AD04FD7004C7003 /* Helper */,
				1832BD161AD04FD7004C7003 /* Model */,
				1832BD1D1AD04FD7004C7003 /* UI */,
				1832BD351AD04FD7004C7003 /* Utils */,
				1832BD3F1AD04FD7004C7003 /* AppDelegate.cpp */,
				1832BD3E1AD04FD7004C7003 /* AppDelegate.h */,
			);
			name = Classes;
			path = ../Classes;
			sourceTree = "<group>";
		};
		503AE0F517EB97AB00D1A890 /* Icons */ = {
			isa = PBXGroup;
			children = (
				503AE0F617EB97AB00D1A890 /* Icon.icns */,
				503AE0F717EB97AB00D1A890 /* Info.plist */,
			);
			name = Icons;
			path = mac;
			sourceTree = SOURCE_ROOT;
		};
		503AE10617EB990700D1A890 /* mac */ = {
			isa = PBXGroup;
			children = (
				503AE0F517EB97AB00D1A890 /* Icons */,
				503AE10317EB98FF00D1A890 /* main.cpp */,
				503AE10417EB98FF00D1A890 /* Prefix.pch */,
			);
			name = mac;
			sourceTree = "<group>";
		};
		5087E77117EB970100C73F5D /* Icons */ = {
			isa = PBXGroup;
			children = (
				521A8E6219F0C34300D177D7 /* Default-667h@2x.png */,
				521A8E6319F0C34300D177D7 /* Default-736h@3x.png */,
				5087E77217EB970100C73F5D /* Default-568h@2x.png */,
				5087E77317EB970100C73F5D /* Default.png */,
				5087E77417EB970100C73F5D /* Default@2x.png */,
				50EF62A017ECD613001EB2F8 /* Icon-29.png */,
				50EF62A117ECD613001EB2F8 /* Icon-50.png */,
				50EF629217ECD46A001EB2F8 /* Icon-40.png */,
				50EF629317ECD46A001EB2F8 /* Icon-58.png */,
				50EF629417ECD46A001EB2F8 /* Icon-80.png */,
				50EF629517ECD46A001EB2F8 /* Icon-100.png */,
				5087E77517EB970100C73F5D /* Icon-114.png */,
				5087E77617EB970100C73F5D /* Icon-120.png */,
				5087E77717EB970100C73F5D /* Icon-144.png */,
				5087E77817EB970100C73F5D /* Icon-152.png */,
				5087E77917EB970100C73F5D /* Icon-57.png */,
				5087E77A17EB970100C73F5D /* Icon-72.png */,
				5087E77B17EB970100C73F5D /* Icon-76.png */,
				5087E77C17EB970100C73F5D /* Info.plist */,
			);
			name = Icons;
			path = ios;
			sourceTree = SOURCE_ROOT;
		};
/* End PBXGroup section */

/* Begin PBXNativeTarget section */
		1D6058900D05DD3D006BFB54 /* Ring iOS */ = {
			isa = PBXNativeTarget;
			buildConfigurationList = 1D6058960D05DD3E006BFB54 /* Build configuration list for PBXNativeTarget "Ring iOS" */;
			buildPhases = (
				1D60588D0D05DD3D006BFB54 /* Resources */,
				1D60588E0D05DD3D006BFB54 /* Sources */,
				1D60588F0D05DD3D006BFB54 /* Frameworks */,
			);
			buildRules = (
			);
			dependencies = (
				1AC6FB25180E99E1004C840B /* PBXTargetDependency */,
			);
			name = "Ring iOS";
			productName = iphone;
			productReference = 1D6058910D05DD3D006BFB54 /* Ring iOS.app */;
			productType = "com.apple.product-type.application";
		};
		5087E73D17EB910900C73F5D /* Ring Mac */ = {
			isa = PBXNativeTarget;
			buildConfigurationList = 5087E76C17EB910900C73F5D /* Build configuration list for PBXNativeTarget "Ring Mac" */;
			buildPhases = (
				5087E74817EB910900C73F5D /* Resources */,
				5087E75617EB910900C73F5D /* Sources */,
				5087E75C17EB910900C73F5D /* Frameworks */,
			);
			buildRules = (
			);
			dependencies = (
				1AC6FB16180E9959004C840B /* PBXTargetDependency */,
			);
			name = "Ring Mac";
			productName = iphone;
			productReference = 5087E76F17EB910900C73F5D /* Ring Mac.app */;
			productType = "com.apple.product-type.application";
		};
/* End PBXNativeTarget section */

/* Begin PBXProject section */
		29B97313FDCFA39411CA2CEA /* Project object */ = {
			isa = PBXProject;
			attributes = {
				LastUpgradeCheck = 0500;
				TargetAttributes = {
					1D6058900D05DD3D006BFB54 = {
						DevelopmentTeam = MDDB52YB8L;
					};
				};
			};
			buildConfigurationList = C01FCF4E08A954540054247B /* Build configuration list for PBXProject "Ring" */;
			compatibilityVersion = "Xcode 3.2";
			developmentRegion = English;
			hasScannedForEncodings = 1;
			knownRegions = (
				English,
				Japanese,
				French,
				German,
			);
			mainGroup = 29B97314FDCFA39411CA2CEA /* CustomTemplate */;
			projectDirPath = "";
			projectReferences = (
				{
					ProductGroup = 1AC6FAE6180E9839004C840B /* Products */;
					ProjectRef = 1AC6FAE5180E9839004C840B /* cocos2d_libs.xcodeproj */;
				},
			);
			projectRoot = "";
			targets = (
				1D6058900D05DD3D006BFB54 /* Ring iOS */,
				5087E73D17EB910900C73F5D /* Ring Mac */,
			);
		};
/* End PBXProject section */

/* Begin PBXReferenceProxy section */
		1AC6FAF9180E9839004C840B /* libcocos2d Mac.a */ = {
			isa = PBXReferenceProxy;
			fileType = archive.ar;
			path = "libcocos2d Mac.a";
			remoteRef = 1AC6FAF8180E9839004C840B /* PBXContainerItemProxy */;
			sourceTree = BUILT_PRODUCTS_DIR;
		};
		1AC6FB07180E9839004C840B /* libcocos2d iOS.a */ = {
			isa = PBXReferenceProxy;
			fileType = archive.ar;
			path = "libcocos2d iOS.a";
			remoteRef = 1AC6FB06180E9839004C840B /* PBXContainerItemProxy */;
			sourceTree = BUILT_PRODUCTS_DIR;
		};
/* End PBXReferenceProxy section */

/* Begin PBXResourcesBuildPhase section */
		1D60588D0D05DD3D006BFB54 /* Resources */ = {
			isa = PBXResourcesBuildPhase;
			buildActionMask = 2147483647;
			files = (
				18C7FCCC1AC1782B008C4B12 /* images in Resources */,
				5087E78117EB970100C73F5D /* Icon-120.png in Resources */,
				5087E78617EB970100C73F5D /* Icon-76.png in Resources */,
				5087E77F17EB970100C73F5D /* Default@2x.png in Resources */,
				18C7FCCA1AC1782B008C4B12 /* fonts in Resources */,
				50EF629917ECD46A001EB2F8 /* Icon-100.png in Resources */,
				189244061ADC05DD006ECD1B /* music in Resources */,
				5087E78317EB970100C73F5D /* Icon-152.png in Resources */,
				5087E77D17EB970100C73F5D /* Default-568h@2x.png in Resources */,
				5087E78517EB970100C73F5D /* Icon-72.png in Resources */,
				521A8E6519F0C34300D177D7 /* Default-736h@3x.png in Resources */,
				182FFB531AC56F7000FAA8AD /* UI in Resources */,
				50EF62A317ECD613001EB2F8 /* Icon-50.png in Resources */,
				5087E78017EB970100C73F5D /* Icon-114.png in Resources */,
				182FFB6C1AC5806C00FAA8AD /* CSV in Resources */,
				50EF62A217ECD613001EB2F8 /* Icon-29.png in Resources */,
				50EF629617ECD46A001EB2F8 /* Icon-40.png in Resources */,
				187DED551AD80CC60019751D /* animation in Resources */,
				5087E78217EB970100C73F5D /* Icon-144.png in Resources */,
				50EF629817ECD46A001EB2F8 /* Icon-80.png in Resources */,
				5087E78417EB970100C73F5D /* Icon-57.png in Resources */,
				5087E77E17EB970100C73F5D /* Default.png in Resources */,
				521A8E6419F0C34300D177D7 /* Default-667h@2x.png in Resources */,
				50EF629717ECD46A001EB2F8 /* Icon-58.png in Resources */,
			);
			runOnlyForDeploymentPostprocessing = 0;
		};
		5087E74817EB910900C73F5D /* Resources */ = {
			isa = PBXResourcesBuildPhase;
			buildActionMask = 2147483647;
			files = (
				182FFB541AC56F7000FAA8AD /* UI in Resources */,
				182FFB6D1AC5806C00FAA8AD /* CSV in Resources */,
				18C7FCCD1AC1782B008C4B12 /* images in Resources */,
				503AE0F817EB97AB00D1A890 /* Icon.icns in Resources */,
				18C7FCCB1AC1782B008C4B12 /* fonts in Resources */,
				189244071ADC05DD006ECD1B /* music in Resources */,
				187DED561AD80CC60019751D /* animation in Resources */,
			);
			runOnlyForDeploymentPostprocessing = 0;
		};
/* End PBXResourcesBuildPhase section */

/* Begin PBXSourcesBuildPhase section */
		1D60588E0D05DD3D006BFB54 /* Sources */ = {
			isa = PBXSourcesBuildPhase;
			buildActionMask = 2147483647;
			files = (
				503AE10017EB989F00D1A890 /* AppController.mm in Sources */,
				189243E31ADA69B1006ECD1B /* BattleScene.cpp in Sources */,
				1832BD5C1AD04FD7004C7003 /* DataManager.cpp in Sources */,
				503AE10217EB989F00D1A890 /* RootViewController.mm in Sources */,
				189244031ADBFDA2006ECD1B /* GameOverDialog.cpp in Sources */,
				1852E1D11AD6459A00A0C5FF /* BuildingInfoDialog.cpp in Sources */,
				1832BD5E1AD04FD7004C7003 /* DBManager.cpp in Sources */,
				1852E1E11AD7005800A0C5FF /* NewBuildDialog.cpp in Sources */,
				1832BD461AD04FD7004C7003 /* MiwuSprite.cpp in Sources */,
				1832BD4C1AD04FD7004C7003 /* HelloScene.cpp in Sources */,
				18E053781AD51E52009083DD /* HomeOptLayer.cpp in Sources */,
				1832BD441AD04FD7004C7003 /* BuildingSprite.cpp in Sources */,
				185BB7991AD83304008B03F2 /* SoilderInfoDialog.cpp in Sources */,
				189243EB1ADA94BE006ECD1B /* Soilder.cpp in Sources */,
				1852E1D51AD66E3000A0C5FF /* BuildingUpgradeDialog.cpp in Sources */,
				181B68221AD7EC3A0002E5DC /* Robot.cpp in Sources */,
				1832BD581AD04FD7004C7003 /* WorldMapLayer.cpp in Sources */,
				189243F31ADAA5D3006ECD1B /* BaseSprite.cpp in Sources */,
				181B68261AD7F1FA0002E5DC /* BulletSprite.cpp in Sources */,
				503AE10117EB989F00D1A890 /* main.m in Sources */,
				1832BD521AD04FD7004C7003 /* HomeScene.cpp in Sources */,
				1832BD601AD04FD7004C7003 /* GlobalManager.cpp in Sources */,
				189243FF1ADAFFCD006ECD1B /* Hero.cpp in Sources */,
				18BD93041AD9565300F48B53 /* HeroHotelDialog.cpp in Sources */,
				1832BD621AD04FD7004C7003 /* AppDelegate.cpp in Sources */,
				1832BD4A1AD04FD7004C7003 /* TownDialog.cpp in Sources */,
				189243EF1ADAA0B0006ECD1B /* AIManager.cpp in Sources */,
				188734341AD7B7950086CC88 /* NewBuilding.cpp in Sources */,
				18BD93001AD9176200F48B53 /* LabDialog.cpp in Sources */,
				1852E1DD1AD6A40E00A0C5FF /* BuildProcess.cpp in Sources */,
				185BB79D1AD848D9008B03F2 /* CampDialog.cpp in Sources */,
				189243E71ADA8AB8006ECD1B /* Building.cpp in Sources */,
				1852E1D91AD6933800A0C5FF /* Notice.cpp in Sources */,
				1832BD5A1AD04FD7004C7003 /* WorldScene.cpp in Sources */,
				18BD93081AD9567700F48B53 /* HeroInfoDialog.cpp in Sources */,
				1832BD541AD04FD7004C7003 /* PanZoomLayer.cpp in Sources */,
				1832BD401AD04FD7004C7003 /* CSVParser.cpp in Sources */,
				1832BD481AD04FD7004C7003 /* TownSprite.cpp in Sources */,
				189243DF1ADA69B1006ECD1B /* BattleHudLayer.cpp in Sources */,
				189243E11ADA69B1006ECD1B /* BattleMapLayer.cpp in Sources */,
				1832BD501AD04FD7004C7003 /* HomeMapLayer.cpp in Sources */,
				1832BD4E1AD04FD7004C7003 /* HomeHudLayer.cpp in Sources */,
				1845FA011AD17EC20055F478 /* HarvestBubble.cpp in Sources */,
				1832BD421AD04FD7004C7003 /* sqlite3.c in Sources */,
				1832BD561AD04FD7004C7003 /* WorldHudLayer.cpp in Sources */,
			);
			runOnlyForDeploymentPostprocessing = 0;
		};
		5087E75617EB910900C73F5D /* Sources */ = {
			isa = PBXSourcesBuildPhase;
			buildActionMask = 2147483647;
			files = (
				189243F41ADAA5D3006ECD1B /* BaseSprite.cpp in Sources */,
				189243F01ADAA0B0006ECD1B /* AIManager.cpp in Sources */,
				1832BD611AD04FD7004C7003 /* GlobalManager.cpp in Sources */,
				185BB79E1AD848D9008B03F2 /* CampDialog.cpp in Sources */,
				189243E81ADA8AB8006ECD1B /* Building.cpp in Sources */,
				189244041ADBFDA2006ECD1B /* GameOverDialog.cpp in Sources */,
				1832BD451AD04FD7004C7003 /* BuildingSprite.cpp in Sources */,
				1832BD511AD04FD7004C7003 /* HomeMapLayer.cpp in Sources */,
				18BD93011AD9176200F48B53 /* LabDialog.cpp in Sources */,
				189243E01ADA69B1006ECD1B /* BattleHudLayer.cpp in Sources */,
				1845FA021AD17EC20055F478 /* HarvestBubble.cpp in Sources */,
				189243EC1ADA94BE006ECD1B /* Soilder.cpp in Sources */,
				189243E41ADA69B1006ECD1B /* BattleScene.cpp in Sources */,
				1832BD551AD04FD7004C7003 /* PanZoomLayer.cpp in Sources */,
				1832BD4F1AD04FD7004C7003 /* HomeHudLayer.cpp in Sources */,
				1832BD4D1AD04FD7004C7003 /* HelloScene.cpp in Sources */,
				1832BD5D1AD04FD7004C7003 /* DataManager.cpp in Sources */,
				1832BD5B1AD04FD7004C7003 /* WorldScene.cpp in Sources */,
				181B68231AD7EC3A0002E5DC /* Robot.cpp in Sources */,
				503AE10517EB98FF00D1A890 /* main.cpp in Sources */,
				1832BD431AD04FD7004C7003 /* sqlite3.c in Sources */,
				1832BD631AD04FD7004C7003 /* AppDelegate.cpp in Sources */,
				1832BD571AD04FD7004C7003 /* WorldHudLayer.cpp in Sources */,
				1852E1DE1AD6A40E00A0C5FF /* BuildProcess.cpp in Sources */,
				1832BD4B1AD04FD7004C7003 /* TownDialog.cpp in Sources */,
				1852E1E21AD7005800A0C5FF /* NewBuildDialog.cpp in Sources */,
				18BD93091AD9567700F48B53 /* HeroInfoDialog.cpp in Sources */,
				1832BD5F1AD04FD7004C7003 /* DBManager.cpp in Sources */,
				185BB79A1AD83304008B03F2 /* SoilderInfoDialog.cpp in Sources */,
				1852E1D21AD6459A00A0C5FF /* BuildingInfoDialog.cpp in Sources */,
				1852E1D61AD66E3000A0C5FF /* BuildingUpgradeDialog.cpp in Sources */,
				1832BD411AD04FD7004C7003 /* CSVParser.cpp in Sources */,
				18BD93051AD9565300F48B53 /* HeroHotelDialog.cpp in Sources */,
				188734351AD7B7950086CC88 /* NewBuilding.cpp in Sources */,
				189244001ADAFFCD006ECD1B /* Hero.cpp in Sources */,
				189243E21ADA69B1006ECD1B /* BattleMapLayer.cpp in Sources */,
				1832BD491AD04FD7004C7003 /* TownSprite.cpp in Sources */,
				181B68271AD7F1FA0002E5DC /* BulletSprite.cpp in Sources */,
				18E053791AD51E52009083DD /* HomeOptLayer.cpp in Sources */,
				1832BD471AD04FD7004C7003 /* MiwuSprite.cpp in Sources */,
				1852E1DA1AD6933800A0C5FF /* Notice.cpp in Sources */,
				1832BD531AD04FD7004C7003 /* HomeScene.cpp in Sources */,
				1832BD591AD04FD7004C7003 /* WorldMapLayer.cpp in Sources */,
			);
			runOnlyForDeploymentPostprocessing = 0;
		};
/* End PBXSourcesBuildPhase section */

/* Begin PBXTargetDependency section */
		1AC6FB16180E9959004C840B /* PBXTargetDependency */ = {
			isa = PBXTargetDependency;
			name = "cocos2dx Mac";
			targetProxy = 1AC6FB15180E9959004C840B /* PBXContainerItemProxy */;
		};
		1AC6FB25180E99E1004C840B /* PBXTargetDependency */ = {
			isa = PBXTargetDependency;
			name = "cocos2dx iOS";
			targetProxy = 1AC6FB24180E99E1004C840B /* PBXContainerItemProxy */;
		};
/* End PBXTargetDependency section */

/* Begin XCBuildConfiguration section */
		1D6058940D05DD3E006BFB54 /* Debug */ = {
			isa = XCBuildConfiguration;
			buildSettings = {
				ALWAYS_SEARCH_USER_PATHS = YES;
				CODE_SIGN_IDENTITY = "iPhone Developer";
				COMPRESS_PNG_FILES = NO;
				GCC_DYNAMIC_NO_PIC = NO;
				GCC_INLINES_ARE_PRIVATE_EXTERN = NO;
				GCC_PRECOMPILE_PREFIX_HEADER = YES;
				GCC_PREFIX_HEADER = ios/Prefix.pch;
				GCC_PREPROCESSOR_DEFINITIONS = (
					USE_FILE32API,
					CC_TARGET_OS_IPHONE,
					"COCOS2D_DEBUG=1",
					"CC_ENABLE_CHIPMUNK_INTEGRATION=1",
				);
				GCC_SYMBOLS_PRIVATE_EXTERN = NO;
				HEADER_SEARCH_PATHS = (
					"$(inherited)",
					"$(SRCROOT)/../cocos2d/cocos/platform/ios",
					"$(SRCROOT)/../cocos2d/cocos/platform/ios/Simulation",
				);
				INFOPLIST_FILE = ios/Info.plist;
				IPHONEOS_DEPLOYMENT_TARGET = 5.0;
				LIBRARY_SEARCH_PATHS = "";
				OTHER_LDFLAGS = (
					"$(_COCOS_LIB_IOS_BEGIN)",
					"$(_COCOS_LIB_IOS_END)",
				);
				SDKROOT = iphoneos;
				TARGETED_DEVICE_FAMILY = "1,2";
				USER_HEADER_SEARCH_PATHS = "$(_COCOS_HEADER_IOS_BEGIN) $(_COCOS_HEADER_IOS_END)";
				VALID_ARCHS = "arm64 armv7";
			};
			name = Debug;
		};
		1D6058950D05DD3E006BFB54 /* Release */ = {
			isa = XCBuildConfiguration;
			buildSettings = {
				ALWAYS_SEARCH_USER_PATHS = YES;
				CODE_SIGN_IDENTITY = "iPhone Developer";
				COMPRESS_PNG_FILES = NO;
				GCC_INLINES_ARE_PRIVATE_EXTERN = NO;
				GCC_PRECOMPILE_PREFIX_HEADER = YES;
				GCC_PREFIX_HEADER = ios/Prefix.pch;
				GCC_PREPROCESSOR_DEFINITIONS = (
					USE_FILE32API,
					CC_TARGET_OS_IPHONE,
					"CC_ENABLE_CHIPMUNK_INTEGRATION=1",
				);
				GCC_SYMBOLS_PRIVATE_EXTERN = NO;
				HEADER_SEARCH_PATHS = (
					"$(inherited)",
					"$(SRCROOT)/../cocos2d/cocos/platform/ios",
					"$(SRCROOT)/../cocos2d/cocos/platform/ios/Simulation",
				);
				INFOPLIST_FILE = ios/Info.plist;
				IPHONEOS_DEPLOYMENT_TARGET = 5.0;
				LIBRARY_SEARCH_PATHS = "";
				OTHER_LDFLAGS = (
					"$(_COCOS_LIB_IOS_BEGIN)",
					"$(_COCOS_LIB_IOS_END)",
				);
				SDKROOT = iphoneos;
				TARGETED_DEVICE_FAMILY = "1,2";
				USER_HEADER_SEARCH_PATHS = "$(_COCOS_HEADER_IOS_BEGIN) $(_COCOS_HEADER_IOS_END)";
				VALID_ARCHS = "arm64 armv7";
			};
			name = Release;
		};
		5087E76D17EB910900C73F5D /* Debug */ = {
			isa = XCBuildConfiguration;
			buildSettings = {
				ALWAYS_SEARCH_USER_PATHS = YES;
				ARCHS = "$(ARCHS_STANDARD_64_BIT)";
				CLANG_CXX_LANGUAGE_STANDARD = "c++0x";
				CLANG_CXX_LIBRARY = "libc++";
				GCC_DYNAMIC_NO_PIC = NO;
				GCC_INLINES_ARE_PRIVATE_EXTERN = NO;
				GCC_PRECOMPILE_PREFIX_HEADER = YES;
				GCC_PREFIX_HEADER = mac/Prefix.pch;
				GCC_PREPROCESSOR_DEFINITIONS = (
					USE_FILE32API,
					CC_TARGET_OS_MAC,
					"COCOS2D_DEBUG=1",
					"CC_ENABLE_CHIPMUNK_INTEGRATION=1",
				);
				GCC_SYMBOLS_PRIVATE_EXTERN = NO;
				HEADER_SEARCH_PATHS = (
					"$(inherited)",
					"$(SRCROOT)/../cocos2d/cocos/platform/mac",
					"$(SRCROOT)/../cocos2d/external/glfw3/include/mac",
				);
				INFOPLIST_FILE = mac/Info.plist;
				LIBRARY_SEARCH_PATHS = "";
				OTHER_LDFLAGS = (
					"$(_COCOS_LIB_MAC_BEGIN)",
					"$(_COCOS_LIB_MAC_END)",
				);
				USER_HEADER_SEARCH_PATHS = "$(_COCOS_HEADER_MAC_BEGIN) $(_COCOS_HEADER_MAC_END)";
			};
			name = Debug;
		};
		5087E76E17EB910900C73F5D /* Release */ = {
			isa = XCBuildConfiguration;
			buildSettings = {
				ALWAYS_SEARCH_USER_PATHS = YES;
				ARCHS = "$(ARCHS_STANDARD_64_BIT)";
				CLANG_CXX_LANGUAGE_STANDARD = "c++0x";
				CLANG_CXX_LIBRARY = "libc++";
				GCC_INLINES_ARE_PRIVATE_EXTERN = NO;
				GCC_PRECOMPILE_PREFIX_HEADER = YES;
				GCC_PREFIX_HEADER = mac/Prefix.pch;
				GCC_PREPROCESSOR_DEFINITIONS = (
					USE_FILE32API,
					CC_TARGET_OS_MAC,
					"CC_ENABLE_CHIPMUNK_INTEGRATION=1",
				);
				GCC_SYMBOLS_PRIVATE_EXTERN = NO;
				HEADER_SEARCH_PATHS = (
					"$(inherited)",
					"$(SRCROOT)/../cocos2d/cocos/platform/mac",
					"$(SRCROOT)/../cocos2d/external/glfw3/include/mac",
				);
				INFOPLIST_FILE = mac/Info.plist;
				LIBRARY_SEARCH_PATHS = "";
				OTHER_LDFLAGS = (
					"$(_COCOS_LIB_MAC_BEGIN)",
					"$(_COCOS_LIB_MAC_END)",
				);
				USER_HEADER_SEARCH_PATHS = "$(_COCOS_HEADER_MAC_BEGIN) $(_COCOS_HEADER_MAC_END)";
			};
			name = Release;
		};
		C01FCF4F08A954540054247B /* Debug */ = {
			isa = XCBuildConfiguration;
			buildSettings = {
				CLANG_CXX_LANGUAGE_STANDARD = "c++0x";
				CLANG_CXX_LIBRARY = "libc++";
				COPY_PHASE_STRIP = NO;
				GCC_OPTIMIZATION_LEVEL = 0;
				GCC_WARN_ABOUT_RETURN_TYPE = YES;
				GCC_WARN_UNUSED_VARIABLE = YES;
				HEADER_SEARCH_PATHS = (
					"$(SRCROOT)/../cocos2d",
					"$(SRCROOT)/../cocos2d/cocos",
					"$(SRCROOT)/../cocos2d/cocos/base",
					"$(SRCROOT)/../cocos2d/cocos/physics",
					"$(SRCROOT)/../cocos2d/cocos/math",
					"$(SRCROOT)/../cocos2d/cocos/2d",
					"$(SRCROOT)/../cocos2d/cocos/ui",
					"$(SRCROOT)/../cocos2d/cocos/network",
					"$(SRCROOT)/../cocos2d/cocos/audio/include",
					"$(SRCROOT)/../cocos2d/cocos/editor-support",
					"$(SRCROOT)/../cocos2d/extensions",
					"$(SRCROOT)/../cocos2d/external",
					"$(SRCROOT)/../cocos2d/external/chipmunk/include/chipmunk",
				);
				MACOSX_DEPLOYMENT_TARGET = 10.7;
				ONLY_ACTIVE_ARCH = YES;
				PRODUCT_NAME = "$(TARGET_NAME)";
				SDKROOT = macosx;
			};
			name = Debug;
		};
		C01FCF5008A954540054247B /* Release */ = {
			isa = XCBuildConfiguration;
			buildSettings = {
				CLANG_CXX_LANGUAGE_STANDARD = "c++0x";
				CLANG_CXX_LIBRARY = "libc++";
				GCC_WARN_ABOUT_RETURN_TYPE = YES;
				GCC_WARN_UNUSED_VARIABLE = YES;
				HEADER_SEARCH_PATHS = (
					"$(SRCROOT)/../cocos2d",
					"$(SRCROOT)/../cocos2d/cocos",
					"$(SRCROOT)/../cocos2d/cocos/base",
					"$(SRCROOT)/../cocos2d/cocos/physics",
					"$(SRCROOT)/../cocos2d/cocos/math",
					"$(SRCROOT)/../cocos2d/cocos/2d",
					"$(SRCROOT)/../cocos2d/cocos/ui",
					"$(SRCROOT)/../cocos2d/cocos/network",
					"$(SRCROOT)/../cocos2d/cocos/audio/include",
					"$(SRCROOT)/../cocos2d/cocos/editor-support",
					"$(SRCROOT)/../cocos2d/extensions",
					"$(SRCROOT)/../cocos2d/external",
					"$(SRCROOT)/../cocos2d/external/chipmunk/include/chipmunk",
				);
				MACOSX_DEPLOYMENT_TARGET = 10.7;
				OTHER_CFLAGS = "-DNS_BLOCK_ASSERTIONS=1";
				PRODUCT_NAME = "$(TARGET_NAME)";
				SDKROOT = macosx;
				VALIDATE_PRODUCT = YES;
			};
			name = Release;
		};
/* End XCBuildConfiguration section */

/* Begin XCConfigurationList section */
		1D6058960D05DD3E006BFB54 /* Build configuration list for PBXNativeTarget "Ring iOS" */ = {
			isa = XCConfigurationList;
			buildConfigurations = (
				1D6058940D05DD3E006BFB54 /* Debug */,
				1D6058950D05DD3E006BFB54 /* Release */,
			);
			defaultConfigurationIsVisible = 0;
			defaultConfigurationName = Debug;
		};
		5087E76C17EB910900C73F5D /* Build configuration list for PBXNativeTarget "Ring Mac" */ = {
			isa = XCConfigurationList;
			buildConfigurations = (
				5087E76D17EB910900C73F5D /* Debug */,
				5087E76E17EB910900C73F5D /* Release */,
			);
			defaultConfigurationIsVisible = 0;
			defaultConfigurationName = Debug;
		};
		C01FCF4E08A954540054247B /* Build configuration list for PBXProject "Ring" */ = {
			isa = XCConfigurationList;
			buildConfigurations = (
				C01FCF4F08A954540054247B /* Debug */,
				C01FCF5008A954540054247B /* Release */,
			);
			defaultConfigurationIsVisible = 0;
			defaultConfigurationName = Debug;
		};
/* End XCConfigurationList section */
	};
	rootObject = 29B97313FDCFA39411CA2CEA /* Project object */;
}
